// !$*UTF8*$!
{
	archiveVersion = 1;
	classes = {
	};
	objectVersion = 46;
	objects = {

/* Begin PBXAggregateTarget section */
		1402B6441B1383DA0069E3A4 /* QMChatCacheMogenerator */ = {
			isa = PBXAggregateTarget;
			buildConfigurationList = 1402B6471B1383DA0069E3A4 /* Build configuration list for PBXAggregateTarget "QMChatCacheMogenerator" */;
			buildPhases = (
				1402B6481B1383F50069E3A4 /* ShellScript */,
			);
			dependencies = (
			);
			name = QMChatCacheMogenerator;
			productName = QMChatCacheMogenerator;
		};
/* End PBXAggregateTarget section */

/* Begin PBXBuildFile section */
		5590F2781A0B8C4200C5044F /* QMChatCache.m in Sources */ = {isa = PBXBuildFile; fileRef = 5590F2771A0B8C4200C5044F /* QMChatCache.m */; };
		55A621131A0BDC5D001BA470 /* CDAttachment.m in Sources */ = {isa = PBXBuildFile; fileRef = 55A621061A0BDC5D001BA470 /* CDAttachment.m */; };
		55A621141A0BDC5D001BA470 /* CDDialog.m in Sources */ = {isa = PBXBuildFile; fileRef = 55A621081A0BDC5D001BA470 /* CDDialog.m */; };
		55A621151A0BDC5D001BA470 /* CDMessage.m in Sources */ = {isa = PBXBuildFile; fileRef = 55A6210A1A0BDC5D001BA470 /* CDMessage.m */; };
		55A621161A0BDC5D001BA470 /* _CDAttachment.m in Sources */ = {isa = PBXBuildFile; fileRef = 55A6210D1A0BDC5D001BA470 /* _CDAttachment.m */; };
		55A621171A0BDC5D001BA470 /* _CDDialog.m in Sources */ = {isa = PBXBuildFile; fileRef = 55A6210F1A0BDC5D001BA470 /* _CDDialog.m */; };
		55A621181A0BDC5D001BA470 /* _CDMessage.m in Sources */ = {isa = PBXBuildFile; fileRef = 55A621111A0BDC5D001BA470 /* _CDMessage.m */; };
		FB5D70931EF17E2700E50084 /* QMChatServiceModel.xcdatamodeld in Sources */ = {isa = PBXBuildFile; fileRef = 554A280A1A0CE16200C4E03C /* QMChatServiceModel.xcdatamodeld */; };
/* End PBXBuildFile section */

/* Begin PBXContainerItemProxy section */
		865A68781B1F2755003AC969 /* PBXContainerItemProxy */ = {
			isa = PBXContainerItemProxy;
			containerPortal = 5590F2651A0B8C0500C5044F /* Project object */;
			proxyType = 1;
			remoteGlobalIDString = 1402B6441B1383DA0069E3A4;
			remoteInfo = QMChatCacheMogenerator;
		};
		FB5D70A31EF18AC900E50084 /* PBXContainerItemProxy */ = {
			isa = PBXContainerItemProxy;
			containerPortal = 5590F2651A0B8C0500C5044F /* Project object */;
			proxyType = 1;
			remoteGlobalIDString = 554A28791A0CECA000C4E03C;
			remoteInfo = QMChatCacheModel;
		};
/* End PBXContainerItemProxy section */

/* Begin PBXFileReference section */
		14E9F54E1C6CA35B007F58B7 /* QMModel2.xcdatamodel */ = {isa = PBXFileReference; lastKnownFileType = wrapper.xcdatamodel; path = QMModel2.xcdatamodel; sourceTree = "<group>"; };
		554A280B1A0CE16200C4E03C /* QMModel.xcdatamodel */ = {isa = PBXFileReference; lastKnownFileType = wrapper.xcdatamodel; path = QMModel.xcdatamodel; sourceTree = "<group>"; };
		554A287D1A0CECA000C4E03C /* Info.plist */ = {isa = PBXFileReference; lastKnownFileType = text.plist.xml; path = Info.plist; sourceTree = "<group>"; };
		5590F2751A0B8C4200C5044F /* QMChatCache.h */ = {isa = PBXFileReference; lastKnownFileType = sourcecode.c.h; lineEnding = 0; path = QMChatCache.h; sourceTree = "<group>"; };
		5590F2771A0B8C4200C5044F /* QMChatCache.m */ = {isa = PBXFileReference; lastKnownFileType = sourcecode.c.objc; lineEnding = 0; path = QMChatCache.m; sourceTree = "<group>"; };
		55A621051A0BDC5D001BA470 /* CDAttachment.h */ = {isa = PBXFileReference; fileEncoding = 4; lastKnownFileType = sourcecode.c.h; path = CDAttachment.h; sourceTree = "<group>"; };
		55A621061A0BDC5D001BA470 /* CDAttachment.m */ = {isa = PBXFileReference; fileEncoding = 4; lastKnownFileType = sourcecode.c.objc; path = CDAttachment.m; sourceTree = "<group>"; };
		55A621071A0BDC5D001BA470 /* CDDialog.h */ = {isa = PBXFileReference; fileEncoding = 4; lastKnownFileType = sourcecode.c.h; path = CDDialog.h; sourceTree = "<group>"; };
		55A621081A0BDC5D001BA470 /* CDDialog.m */ = {isa = PBXFileReference; fileEncoding = 4; lastKnownFileType = sourcecode.c.objc; path = CDDialog.m; sourceTree = "<group>"; };
		55A621091A0BDC5D001BA470 /* CDMessage.h */ = {isa = PBXFileReference; fileEncoding = 4; lastKnownFileType = sourcecode.c.h; path = CDMessage.h; sourceTree = "<group>"; };
		55A6210A1A0BDC5D001BA470 /* CDMessage.m */ = {isa = PBXFileReference; fileEncoding = 4; lastKnownFileType = sourcecode.c.objc; path = CDMessage.m; sourceTree = "<group>"; };
		55A6210C1A0BDC5D001BA470 /* _CDAttachment.h */ = {isa = PBXFileReference; fileEncoding = 4; lastKnownFileType = sourcecode.c.h; path = _CDAttachment.h; sourceTree = "<group>"; };
		55A6210D1A0BDC5D001BA470 /* _CDAttachment.m */ = {isa = PBXFileReference; fileEncoding = 4; lastKnownFileType = sourcecode.c.objc; path = _CDAttachment.m; sourceTree = "<group>"; };
		55A6210E1A0BDC5D001BA470 /* _CDDialog.h */ = {isa = PBXFileReference; fileEncoding = 4; lastKnownFileType = sourcecode.c.h; path = _CDDialog.h; sourceTree = "<group>"; };
		55A6210F1A0BDC5D001BA470 /* _CDDialog.m */ = {isa = PBXFileReference; fileEncoding = 4; lastKnownFileType = sourcecode.c.objc; path = _CDDialog.m; sourceTree = "<group>"; };
		55A621101A0BDC5D001BA470 /* _CDMessage.h */ = {isa = PBXFileReference; fileEncoding = 4; lastKnownFileType = sourcecode.c.h; path = _CDMessage.h; sourceTree = "<group>"; };
		55A621111A0BDC5D001BA470 /* _CDMessage.m */ = {isa = PBXFileReference; fileEncoding = 4; lastKnownFileType = sourcecode.c.objc; path = _CDMessage.m; sourceTree = "<group>"; };
		55B2201C1A2C0C9D00668086 /* libQMChatCache.a */ = {isa = PBXFileReference; explicitFileType = archive.ar; includeInIndex = 0; path = libQMChatCache.a; sourceTree = BUILT_PRODUCTS_DIR; };
		58043EA71D2CF3540052CF4E /* QMChatCacheModel.bundle */ = {isa = PBXFileReference; explicitFileType = wrapper.cfbundle; includeInIndex = 0; path = QMChatCacheModel.bundle; sourceTree = BUILT_PRODUCTS_DIR; };
		58043EA81D2CF38F0052CF4E /* QMModel4.xcdatamodel */ = {isa = PBXFileReference; lastKnownFileType = wrapper.xcdatamodel; path = QMModel4.xcdatamodel; sourceTree = "<group>"; };
		8620BC581B0F7D5A005ED359 /* Quickblox.xcconfig */ = {isa = PBXFileReference; fileEncoding = 4; lastKnownFileType = text.xcconfig; lineEnding = 0; name = Quickblox.xcconfig; path = ../Quickblox.xcconfig; sourceTree = "<group>"; };
		B407CFFF1CAD67C9002DFC5A /* QMModel3.xcdatamodel */ = {isa = PBXFileReference; lastKnownFileType = wrapper.xcdatamodel; path = QMModel3.xcdatamodel; sourceTree = "<group>"; };
		E03B85571E1FD85200AE6DE8 /* QMModel5.xcdatamodel */ = {isa = PBXFileReference; lastKnownFileType = wrapper.xcdatamodel; path = QMModel5.xcdatamodel; sourceTree = "<group>"; };
		FB5D70801EF16F2300E50084 /* QMChatServiceModelIncludes.h */ = {isa = PBXFileReference; fileEncoding = 4; lastKnownFileType = sourcecode.c.h; path = QMChatServiceModelIncludes.h; sourceTree = "<group>"; };
		FB5D70951EF1840400E50084 /* QMChatCacheModel.bundle */ = {isa = PBXFileReference; lastKnownFileType = "wrapper.plug-in"; path = QMChatCacheModel.bundle; sourceTree = SOURCE_ROOT; };
		FB805A521F052E97000B3E9F /* QMChatCache-Prefix.pch */ = {isa = PBXFileReference; fileEncoding = 4; lastKnownFileType = sourcecode.c.h; path = "QMChatCache-Prefix.pch"; sourceTree = "<group>"; };
		FBF252721EAE1566001F2C74 /* QMModel6.xcdatamodel */ = {isa = PBXFileReference; lastKnownFileType = wrapper.xcdatamodel; path = QMModel6.xcdatamodel; sourceTree = "<group>"; };
/* End PBXFileReference section */

/* Begin PBXFrameworksBuildPhase section */
		554A28771A0CECA000C4E03C /* Frameworks */ = {
			isa = PBXFrameworksBuildPhase;
			buildActionMask = 2147483647;
			files = (
			);
			runOnlyForDeploymentPostprocessing = 0;
		};
		5590F26F1A0B8C4200C5044F /* Frameworks */ = {
			isa = PBXFrameworksBuildPhase;
			buildActionMask = 2147483647;
			files = (
			);
			runOnlyForDeploymentPostprocessing = 0;
		};
/* End PBXFrameworksBuildPhase section */

/* Begin PBXGroup section */
		554A287B1A0CECA000C4E03C /* QMChatCacheModel */ = {
			isa = PBXGroup;
			children = (
				554A287C1A0CECA000C4E03C /* Supporting Files */,
			);
			path = QMChatCacheModel;
			sourceTree = "<group>";
		};
		554A287C1A0CECA000C4E03C /* Supporting Files */ = {
			isa = PBXGroup;
			children = (
				554A287D1A0CECA000C4E03C /* Info.plist */,
			);
			name = "Supporting Files";
			sourceTree = "<group>";
		};
		5590F2641A0B8C0500C5044F = {
			isa = PBXGroup;
			children = (
				FB805A521F052E97000B3E9F /* QMChatCache-Prefix.pch */,
				8620BC581B0F7D5A005ED359 /* Quickblox.xcconfig */,
				5590F2741A0B8C4200C5044F /* QMChatCache */,
				554A287B1A0CECA000C4E03C /* QMChatCacheModel */,
				55B2201C1A2C0C9D00668086 /* libQMChatCache.a */,
				58043EA71D2CF3540052CF4E /* QMChatCacheModel.bundle */,
			);
			sourceTree = "<group>";
		};
		5590F2741A0B8C4200C5044F /* QMChatCache */ = {
			isa = PBXGroup;
			children = (
				FB5D70951EF1840400E50084 /* QMChatCacheModel.bundle */,
				5590F2751A0B8C4200C5044F /* QMChatCache.h */,
				5590F2771A0B8C4200C5044F /* QMChatCache.m */,
				55A620D61A0BC548001BA470 /* CoreData */,
			);
			path = QMChatCache;
			sourceTree = "<group>";
		};
		55A620D61A0BC548001BA470 /* CoreData */ = {
			isa = PBXGroup;
			children = (
				FB5D70801EF16F2300E50084 /* QMChatServiceModelIncludes.h */,
				554A280A1A0CE16200C4E03C /* QMChatServiceModel.xcdatamodeld */,
				55A621041A0BDC5D001BA470 /* Entries */,
				55A6210B1A0BDC5D001BA470 /* EntriesMachine */,
			);
			path = CoreData;
			sourceTree = "<group>";
		};
		55A621041A0BDC5D001BA470 /* Entries */ = {
			isa = PBXGroup;
			children = (
				55A621051A0BDC5D001BA470 /* CDAttachment.h */,
				55A621061A0BDC5D001BA470 /* CDAttachment.m */,
				55A621071A0BDC5D001BA470 /* CDDialog.h */,
				55A621081A0BDC5D001BA470 /* CDDialog.m */,
				55A621091A0BDC5D001BA470 /* CDMessage.h */,
				55A6210A1A0BDC5D001BA470 /* CDMessage.m */,
			);
			path = Entries;
			sourceTree = "<group>";
		};
		55A6210B1A0BDC5D001BA470 /* EntriesMachine */ = {
			isa = PBXGroup;
			children = (
				55A6210C1A0BDC5D001BA470 /* _CDAttachment.h */,
				55A6210D1A0BDC5D001BA470 /* _CDAttachment.m */,
				55A6210E1A0BDC5D001BA470 /* _CDDialog.h */,
				55A6210F1A0BDC5D001BA470 /* _CDDialog.m */,
				55A621101A0BDC5D001BA470 /* _CDMessage.h */,
				55A621111A0BDC5D001BA470 /* _CDMessage.m */,
			);
			path = EntriesMachine;
			sourceTree = "<group>";
		};
/* End PBXGroup section */

/* Begin PBXNativeTarget section */
		554A28791A0CECA000C4E03C /* QMChatCacheModel */ = {
			isa = PBXNativeTarget;
			buildConfigurationList = 554A287E1A0CECA000C4E03C /* Build configuration list for PBXNativeTarget "QMChatCacheModel" */;
			buildPhases = (
				554A28761A0CECA000C4E03C /* Sources */,
				554A28771A0CECA000C4E03C /* Frameworks */,
				554A28781A0CECA000C4E03C /* Resources */,
				865A68931B1F3541003AC969 /* Run Script */,
			);
			buildRules = (
			);
			dependencies = (
				865A68791B1F2755003AC969 /* PBXTargetDependency */,
			);
			name = QMChatCacheModel;
			productName = QMChatCacheModel;
			productReference = 58043EA71D2CF3540052CF4E /* QMChatCacheModel.bundle */;
			productType = "com.apple.product-type.bundle";
		};
		5590F2711A0B8C4200C5044F /* QMChatCache */ = {
			isa = PBXNativeTarget;
			buildConfigurationList = 5590F2841A0B8C4200C5044F /* Build configuration list for PBXNativeTarget "QMChatCache" */;
			buildPhases = (
				5590F26E1A0B8C4200C5044F /* Sources */,
				5590F26F1A0B8C4200C5044F /* Frameworks */,
			);
			buildRules = (
			);
			dependencies = (
				FB5D70A41EF18AC900E50084 /* PBXTargetDependency */,
			);
			name = QMChatCache;
			productName = QMChatCache;
			productReference = 55B2201C1A2C0C9D00668086 /* libQMChatCache.a */;
			productType = "com.apple.product-type.library.static";
		};
/* End PBXNativeTarget section */

/* Begin PBXProject section */
		5590F2651A0B8C0500C5044F /* Project object */ = {
			isa = PBXProject;
			attributes = {
				LastUpgradeCheck = 0900;
				TargetAttributes = {
					1402B6441B1383DA0069E3A4 = {
						CreatedOnToolsVersion = 6.3.2;
					};
					554A28791A0CECA000C4E03C = {
						CreatedOnToolsVersion = 6.1;
					};
					5590F2711A0B8C4200C5044F = {
						CreatedOnToolsVersion = 6.1;
					};
				};
			};
			buildConfigurationList = 5590F2681A0B8C0500C5044F /* Build configuration list for PBXProject "QMChatCache" */;
			compatibilityVersion = "Xcode 3.2";
			developmentRegion = English;
			hasScannedForEncodings = 0;
			knownRegions = (
				en,
			);
			mainGroup = 5590F2641A0B8C0500C5044F;
			productRefGroup = 5590F2641A0B8C0500C5044F;
			projectDirPath = "";
			projectRoot = "";
			targets = (
				5590F2711A0B8C4200C5044F /* QMChatCache */,
				554A28791A0CECA000C4E03C /* QMChatCacheModel */,
				1402B6441B1383DA0069E3A4 /* QMChatCacheMogenerator */,
			);
		};
/* End PBXProject section */

/* Begin PBXResourcesBuildPhase section */
		554A28781A0CECA000C4E03C /* Resources */ = {
			isa = PBXResourcesBuildPhase;
			buildActionMask = 2147483647;
			files = (
			);
			runOnlyForDeploymentPostprocessing = 0;
		};
/* End PBXResourcesBuildPhase section */

/* Begin PBXShellScriptBuildPhase section */
		1402B6481B1383F50069E3A4 /* ShellScript */ = {
			isa = PBXShellScriptBuildPhase;
			buildActionMask = 12;
			files = (
			);
			inputPaths = (
			);
			outputPaths = (
			);
			runOnlyForDeploymentPostprocessing = 0;
			shellPath = "/bin/sh  ../Scripts/mogenerator.sh QMChatServiceModel";
			shellScript = "";
		};
		865A68931B1F3541003AC969 /* Run Script */ = {
			isa = PBXShellScriptBuildPhase;
			buildActionMask = 2147483647;
			files = (
			);
			inputPaths = (
			);
			name = "Run Script";
			outputPaths = (
			);
			runOnlyForDeploymentPostprocessing = 0;
			shellPath = "/bin/sh ../Scripts/copy_bundle.sh";
			shellScript = "";
			showEnvVarsInLog = 0;
		};
/* End PBXShellScriptBuildPhase section */

/* Begin PBXSourcesBuildPhase section */
		554A28761A0CECA000C4E03C /* Sources */ = {
			isa = PBXSourcesBuildPhase;
			buildActionMask = 2147483647;
			files = (
				FB5D70931EF17E2700E50084 /* QMChatServiceModel.xcdatamodeld in Sources */,
			);
			runOnlyForDeploymentPostprocessing = 0;
		};
		5590F26E1A0B8C4200C5044F /* Sources */ = {
			isa = PBXSourcesBuildPhase;
			buildActionMask = 2147483647;
			files = (
				55A621141A0BDC5D001BA470 /* CDDialog.m in Sources */,
				55A621161A0BDC5D001BA470 /* _CDAttachment.m in Sources */,
				55A621181A0BDC5D001BA470 /* _CDMessage.m in Sources */,
				5590F2781A0B8C4200C5044F /* QMChatCache.m in Sources */,
				55A621131A0BDC5D001BA470 /* CDAttachment.m in Sources */,
				55A621151A0BDC5D001BA470 /* CDMessage.m in Sources */,
				55A621171A0BDC5D001BA470 /* _CDDialog.m in Sources */,
			);
			runOnlyForDeploymentPostprocessing = 0;
		};
/* End PBXSourcesBuildPhase section */

/* Begin PBXTargetDependency section */
		865A68791B1F2755003AC969 /* PBXTargetDependency */ = {
			isa = PBXTargetDependency;
			target = 1402B6441B1383DA0069E3A4 /* QMChatCacheMogenerator */;
			targetProxy = 865A68781B1F2755003AC969 /* PBXContainerItemProxy */;
		};
		FB5D70A41EF18AC900E50084 /* PBXTargetDependency */ = {
			isa = PBXTargetDependency;
			target = 554A28791A0CECA000C4E03C /* QMChatCacheModel */;
			targetProxy = FB5D70A31EF18AC900E50084 /* PBXContainerItemProxy */;
		};
/* End PBXTargetDependency section */

/* Begin XCBuildConfiguration section */
		1402B6451B1383DA0069E3A4 /* Debug */ = {
			isa = XCBuildConfiguration;
			buildSettings = {
				PRODUCT_NAME = "$(TARGET_NAME)";
			};
			name = Debug;
		};
		1402B6461B1383DA0069E3A4 /* Release */ = {
			isa = XCBuildConfiguration;
			buildSettings = {
				PRODUCT_NAME = "$(TARGET_NAME)";
			};
			name = Release;
		};
		554A287F1A0CECA000C4E03C /* Debug */ = {
			isa = XCBuildConfiguration;
			baseConfigurationReference = 8620BC581B0F7D5A005ED359 /* Quickblox.xcconfig */;
			buildSettings = {
				ALWAYS_SEARCH_USER_PATHS = NO;
				CLANG_CXX_LANGUAGE_STANDARD = "gnu++0x";
				CLANG_CXX_LIBRARY = "libc++";
				CLANG_ENABLE_MODULES = YES;
				CLANG_ENABLE_OBJC_ARC = YES;
				CLANG_WARN_BOOL_CONVERSION = YES;
				CLANG_WARN_CONSTANT_CONVERSION = YES;
				CLANG_WARN_DIRECT_OBJC_ISA_USAGE = YES_ERROR;
				CLANG_WARN_EMPTY_BODY = YES;
				CLANG_WARN_ENUM_CONVERSION = YES;
				CLANG_WARN_INT_CONVERSION = YES;
				CLANG_WARN_OBJC_ROOT_CLASS = YES_ERROR;
				CLANG_WARN_UNREACHABLE_CODE = YES;
				CLANG_WARN__DUPLICATE_METHOD_MATCH = YES;
				COMBINE_HIDPI_IMAGES = YES;
				COPY_PHASE_STRIP = NO;
				ENABLE_STRICT_OBJC_MSGSEND = YES;
				GCC_C_LANGUAGE_STANDARD = gnu99;
				GCC_DYNAMIC_NO_PIC = NO;
				GCC_PREPROCESSOR_DEFINITIONS = (
					"DEBUG=1",
					"$(inherited)",
				);
				GCC_WARN_64_TO_32_BIT_CONVERSION = YES;
				GCC_WARN_ABOUT_RETURN_TYPE = YES_ERROR;
				GCC_WARN_UNDECLARED_SELECTOR = YES;
				GCC_WARN_UNINITIALIZED_AUTOS = YES_AGGRESSIVE;
				GCC_WARN_UNUSED_FUNCTION = YES;
				GCC_WARN_UNUSED_VARIABLE = YES;
				INFOPLIST_FILE = QMChatCacheModel/Info.plist;
				INSTALL_PATH = "$(LOCAL_LIBRARY_DIR)/Bundles";
				MTL_ENABLE_DEBUG_INFO = YES;
				ONLY_ACTIVE_ARCH = YES;
				PRODUCT_BUNDLE_IDENTIFIER = "quickblox.$(PRODUCT_NAME:rfc1034identifier)";
				PRODUCT_NAME = "$(TARGET_NAME)";
				SDKROOT = iphoneos;
				SKIP_INSTALL = YES;
				WRAPPER_EXTENSION = bundle;
			};
			name = Debug;
		};
		554A28801A0CECA000C4E03C /* Release */ = {
			isa = XCBuildConfiguration;
			baseConfigurationReference = 8620BC581B0F7D5A005ED359 /* Quickblox.xcconfig */;
			buildSettings = {
				ALWAYS_SEARCH_USER_PATHS = NO;
				CLANG_CXX_LANGUAGE_STANDARD = "gnu++0x";
				CLANG_CXX_LIBRARY = "libc++";
				CLANG_ENABLE_MODULES = YES;
				CLANG_ENABLE_OBJC_ARC = YES;
				CLANG_WARN_BOOL_CONVERSION = YES;
				CLANG_WARN_CONSTANT_CONVERSION = YES;
				CLANG_WARN_DIRECT_OBJC_ISA_USAGE = YES_ERROR;
				CLANG_WARN_EMPTY_BODY = YES;
				CLANG_WARN_ENUM_CONVERSION = YES;
				CLANG_WARN_INT_CONVERSION = YES;
				CLANG_WARN_OBJC_ROOT_CLASS = YES_ERROR;
				CLANG_WARN_UNREACHABLE_CODE = YES;
				CLANG_WARN__DUPLICATE_METHOD_MATCH = YES;
				COMBINE_HIDPI_IMAGES = YES;
				COPY_PHASE_STRIP = YES;
				ENABLE_NS_ASSERTIONS = NO;
				ENABLE_STRICT_OBJC_MSGSEND = YES;
				GCC_C_LANGUAGE_STANDARD = gnu99;
				GCC_WARN_64_TO_32_BIT_CONVERSION = YES;
				GCC_WARN_ABOUT_RETURN_TYPE = YES_ERROR;
				GCC_WARN_UNDECLARED_SELECTOR = YES;
				GCC_WARN_UNINITIALIZED_AUTOS = YES_AGGRESSIVE;
				GCC_WARN_UNUSED_FUNCTION = YES;
				GCC_WARN_UNUSED_VARIABLE = YES;
				INFOPLIST_FILE = QMChatCacheModel/Info.plist;
				INSTALL_PATH = "$(LOCAL_LIBRARY_DIR)/Bundles";
				MTL_ENABLE_DEBUG_INFO = NO;
				PRODUCT_BUNDLE_IDENTIFIER = "quickblox.$(PRODUCT_NAME:rfc1034identifier)";
				PRODUCT_NAME = "$(TARGET_NAME)";
				SDKROOT = iphoneos;
				SKIP_INSTALL = YES;
				WRAPPER_EXTENSION = bundle;
			};
			name = Release;
		};
		5590F2691A0B8C0500C5044F /* Debug */ = {
			isa = XCBuildConfiguration;
			baseConfigurationReference = 8620BC581B0F7D5A005ED359 /* Quickblox.xcconfig */;
			buildSettings = {
				CLANG_WARN_BLOCK_CAPTURE_AUTORELEASING = YES;
				CLANG_WARN_BOOL_CONVERSION = YES;
				CLANG_WARN_COMMA = YES;
				CLANG_WARN_CONSTANT_CONVERSION = YES;
				CLANG_WARN_EMPTY_BODY = YES;
				CLANG_WARN_ENUM_CONVERSION = YES;
				CLANG_WARN_INFINITE_RECURSION = YES;
				CLANG_WARN_INT_CONVERSION = YES;
				CLANG_WARN_NON_LITERAL_NULL_CONVERSION = YES;
				CLANG_WARN_OBJC_LITERAL_CONVERSION = YES;
				CLANG_WARN_RANGE_LOOP_ANALYSIS = YES;
				CLANG_WARN_STRICT_PROTOTYPES = YES;
				CLANG_WARN_SUSPICIOUS_MOVE = YES;
				CLANG_WARN_UNREACHABLE_CODE = YES;
				CLANG_WARN__DUPLICATE_METHOD_MATCH = YES;
				ENABLE_STRICT_OBJC_MSGSEND = YES;
				ENABLE_TESTABILITY = YES;
				GCC_NO_COMMON_BLOCKS = YES;
				GCC_OPTIMIZATION_LEVEL = 0;
				GCC_WARN_64_TO_32_BIT_CONVERSION = YES;
				GCC_WARN_ABOUT_RETURN_TYPE = YES;
				GCC_WARN_UNDECLARED_SELECTOR = YES;
				GCC_WARN_UNINITIALIZED_AUTOS = YES;
				GCC_WARN_UNUSED_FUNCTION = YES;
				GCC_WARN_UNUSED_VARIABLE = YES;
				ONLY_ACTIVE_ARCH = YES;
			};
			name = Debug;
		};
		5590F26A1A0B8C0500C5044F /* Release */ = {
			isa = XCBuildConfiguration;
			baseConfigurationReference = 8620BC581B0F7D5A005ED359 /* Quickblox.xcconfig */;
			buildSettings = {
				CLANG_WARN_BLOCK_CAPTURE_AUTORELEASING = YES;
				CLANG_WARN_BOOL_CONVERSION = YES;
				CLANG_WARN_COMMA = YES;
				CLANG_WARN_CONSTANT_CONVERSION = YES;
				CLANG_WARN_EMPTY_BODY = YES;
				CLANG_WARN_ENUM_CONVERSION = YES;
				CLANG_WARN_INFINITE_RECURSION = YES;
				CLANG_WARN_INT_CONVERSION = YES;
				CLANG_WARN_NON_LITERAL_NULL_CONVERSION = YES;
				CLANG_WARN_OBJC_LITERAL_CONVERSION = YES;
				CLANG_WARN_RANGE_LOOP_ANALYSIS = YES;
				CLANG_WARN_STRICT_PROTOTYPES = YES;
				CLANG_WARN_SUSPICIOUS_MOVE = YES;
				CLANG_WARN_UNREACHABLE_CODE = YES;
				CLANG_WARN__DUPLICATE_METHOD_MATCH = YES;
				ENABLE_STRICT_OBJC_MSGSEND = YES;
				GCC_NO_COMMON_BLOCKS = YES;
				GCC_WARN_64_TO_32_BIT_CONVERSION = YES;
				GCC_WARN_ABOUT_RETURN_TYPE = YES;
				GCC_WARN_UNDECLARED_SELECTOR = YES;
				GCC_WARN_UNINITIALIZED_AUTOS = YES;
				GCC_WARN_UNUSED_FUNCTION = YES;
				GCC_WARN_UNUSED_VARIABLE = YES;
			};
			name = Release;
		};
		5590F2851A0B8C4200C5044F /* Debug */ = {
			isa = XCBuildConfiguration;
			baseConfigurationReference = 8620BC581B0F7D5A005ED359 /* Quickblox.xcconfig */;
			buildSettings = {
				ALWAYS_SEARCH_USER_PATHS = NO;
				CLANG_CXX_LANGUAGE_STANDARD = "gnu++0x";
				CLANG_CXX_LIBRARY = "libc++";
				CLANG_ENABLE_MODULES = YES;
				CLANG_ENABLE_OBJC_ARC = YES;
				CLANG_WARN_BOOL_CONVERSION = YES;
				CLANG_WARN_CONSTANT_CONVERSION = YES;
				CLANG_WARN_DIRECT_OBJC_ISA_USAGE = YES_ERROR;
				CLANG_WARN_EMPTY_BODY = YES;
				CLANG_WARN_ENUM_CONVERSION = YES;
				CLANG_WARN_INT_CONVERSION = YES;
				CLANG_WARN_OBJC_ROOT_CLASS = YES_ERROR;
				CLANG_WARN_UNREACHABLE_CODE = YES;
				CLANG_WARN__DUPLICATE_METHOD_MATCH = YES;
				COPY_PHASE_STRIP = NO;
				ENABLE_STRICT_OBJC_MSGSEND = YES;
				FRAMEWORK_SEARCH_PATHS = "$(inherited)";
				GCC_C_LANGUAGE_STANDARD = gnu99;
				GCC_DYNAMIC_NO_PIC = NO;
				GCC_OPTIMIZATION_LEVEL = 0;
				GCC_PRECOMPILE_PREFIX_HEADER = YES;
				GCC_PREFIX_HEADER = "QMChatCache-Prefix.pch";
				GCC_PREPROCESSOR_DEFINITIONS = (
					"DEBUG=1",
					"$(inherited)",
				);
				GCC_SYMBOLS_PRIVATE_EXTERN = NO;
				GCC_WARN_64_TO_32_BIT_CONVERSION = YES;
				GCC_WARN_ABOUT_RETURN_TYPE = YES_ERROR;
				GCC_WARN_UNDECLARED_SELECTOR = YES;
				GCC_WARN_UNINITIALIZED_AUTOS = YES_AGGRESSIVE;
				GCC_WARN_UNUSED_FUNCTION = YES;
				GCC_WARN_UNUSED_VARIABLE = YES;
				HEADER_SEARCH_PATHS = (
					"$(inherited)",
					/usr/include/libxml2,
					"$(SRCROOT)/../**",
				);
				IPHONEOS_DEPLOYMENT_TARGET = 8.1;
				MTL_ENABLE_DEBUG_INFO = YES;
				ONLY_ACTIVE_ARCH = YES;
				OTHER_LDFLAGS = "-ObjC";
				PRODUCT_NAME = "$(TARGET_NAME)";
				SDKROOT = iphoneos;
				SKIP_INSTALL = YES;
				VALID_ARCHS = "armv7 arm64";
			};
			name = Debug;
		};
		5590F2861A0B8C4200C5044F /* Release */ = {
			isa = XCBuildConfiguration;
			baseConfigurationReference = 8620BC581B0F7D5A005ED359 /* Quickblox.xcconfig */;
			buildSettings = {
				ALWAYS_SEARCH_USER_PATHS = NO;
				CLANG_CXX_LANGUAGE_STANDARD = "gnu++0x";
				CLANG_CXX_LIBRARY = "libc++";
				CLANG_ENABLE_MODULES = YES;
				CLANG_ENABLE_OBJC_ARC = YES;
				CLANG_WARN_BOOL_CONVERSION = YES;
				CLANG_WARN_CONSTANT_CONVERSION = YES;
				CLANG_WARN_DIRECT_OBJC_ISA_USAGE = YES_ERROR;
				CLANG_WARN_EMPTY_BODY = YES;
				CLANG_WARN_ENUM_CONVERSION = YES;
				CLANG_WARN_INT_CONVERSION = YES;
				CLANG_WARN_OBJC_ROOT_CLASS = YES_ERROR;
				CLANG_WARN_UNREACHABLE_CODE = YES;
				CLANG_WARN__DUPLICATE_METHOD_MATCH = YES;
				COPY_PHASE_STRIP = YES;
				ENABLE_NS_ASSERTIONS = NO;
				ENABLE_STRICT_OBJC_MSGSEND = YES;
				FRAMEWORK_SEARCH_PATHS = "$(inherited)";
				GCC_C_LANGUAGE_STANDARD = gnu99;
				GCC_PRECOMPILE_PREFIX_HEADER = YES;
				GCC_PREFIX_HEADER = "QMChatCache-Prefix.pch";
				GCC_WARN_64_TO_32_BIT_CONVERSION = YES;
				GCC_WARN_ABOUT_RETURN_TYPE = YES_ERROR;
				GCC_WARN_UNDECLARED_SELECTOR = YES;
				GCC_WARN_UNINITIALIZED_AUTOS = YES_AGGRESSIVE;
				GCC_WARN_UNUSED_FUNCTION = YES;
				GCC_WARN_UNUSED_VARIABLE = YES;
				HEADER_SEARCH_PATHS = (
					"$(inherited)",
					/usr/include/libxml2,
					"$(SRCROOT)/../**",
				);
				IPHONEOS_DEPLOYMENT_TARGET = 8.1;
				MTL_ENABLE_DEBUG_INFO = NO;
				OTHER_LDFLAGS = "-ObjC";
				PRODUCT_NAME = "$(TARGET_NAME)";
				SDKROOT = iphoneos;
				SKIP_INSTALL = YES;
				VALIDATE_PRODUCT = YES;
				VALID_ARCHS = "armv7 arm64";
			};
			name = Release;
		};
/* End XCBuildConfiguration section */

/* Begin XCConfigurationList section */
		1402B6471B1383DA0069E3A4 /* Build configuration list for PBXAggregateTarget "QMChatCacheMogenerator" */ = {
			isa = XCConfigurationList;
			buildConfigurations = (
				1402B6451B1383DA0069E3A4 /* Debug */,
				1402B6461B1383DA0069E3A4 /* Release */,
			);
			defaultConfigurationIsVisible = 0;
			defaultConfigurationName = Release;
		};
		554A287E1A0CECA000C4E03C /* Build configuration list for PBXNativeTarget "QMChatCacheModel" */ = {
			isa = XCConfigurationList;
			buildConfigurations = (
				554A287F1A0CECA000C4E03C /* Debug */,
				554A28801A0CECA000C4E03C /* Release */,
			);
			defaultConfigurationIsVisible = 0;
			defaultConfigurationName = Release;
		};
		5590F2681A0B8C0500C5044F /* Build configuration list for PBXProject "QMChatCache" */ = {
			isa = XCConfigurationList;
			buildConfigurations = (
				5590F2691A0B8C0500C5044F /* Debug */,
				5590F26A1A0B8C0500C5044F /* Release */,
			);
			defaultConfigurationIsVisible = 0;
			defaultConfigurationName = Release;
		};
		5590F2841A0B8C4200C5044F /* Build configuration list for PBXNativeTarget "QMChatCache" */ = {
			isa = XCConfigurationList;
			buildConfigurations = (
				5590F2851A0B8C4200C5044F /* Debug */,
				5590F2861A0B8C4200C5044F /* Release */,
			);
			defaultConfigurationIsVisible = 0;
			defaultConfigurationName = Release;
		};
/* End XCConfigurationList section */

/* Begin XCVersionGroup section */
		554A280A1A0CE16200C4E03C /* QMChatServiceModel.xcdatamodeld */ = {
			isa = XCVersionGroup;
			children = (
				FBF252721EAE1566001F2C74 /* QMModel6.xcdatamodel */,
				E03B85571E1FD85200AE6DE8 /* QMModel5.xcdatamodel */,
				58043EA81D2CF38F0052CF4E /* QMModel4.xcdatamodel */,
				B407CFFF1CAD67C9002DFC5A /* QMModel3.xcdatamodel */,
				14E9F54E1C6CA35B007F58B7 /* QMModel2.xcdatamodel */,
				554A280B1A0CE16200C4E03C /* QMModel.xcdatamodel */,
			);
			currentVersion = FBF252721EAE1566001F2C74 /* QMModel6.xcdatamodel */;
			path = QMChatServiceModel.xcdatamodeld;
			sourceTree = "<group>";
			versionGroupType = wrapper.xcdatamodel;
		};
/* End XCVersionGroup section */
	};
	rootObject = 5590F2651A0B8C0500C5044F /* Project object */;
}
