// !$*UTF8*$!
{
	archiveVersion = 1;
	classes = {
	};
	objectVersion = 46;
	objects = {

/* Begin PBXBuildFile section */
		2C271ED41B44018900A48BC0 /* QMChatAttachmentService.m in Sources */ = {isa = PBXBuildFile; fileRef = 2C271ED31B44018900A48BC0 /* QMChatAttachmentService.m */; };
		55AA61601A23235500D73089 /* QBChatMessage+QMCustomParameters.m in Sources */ = {isa = PBXBuildFile; fileRef = 55AA615F1A23235500D73089 /* QBChatMessage+QMCustomParameters.m */; };
		55B2F0D21A091C68008C2272 /* QMChatService.m in Sources */ = {isa = PBXBuildFile; fileRef = 55B2F0D11A091C68008C2272 /* QMChatService.m */; };
		55F41E371A0A4C3B008D1C68 /* QMDialogsMemoryStorage.m in Sources */ = {isa = PBXBuildFile; fileRef = 55F41E361A0A4C3B008D1C68 /* QMDialogsMemoryStorage.m */; };
		55F5FA571A289B4B004490FB /* QMMessagesMemoryStorage.m in Sources */ = {isa = PBXBuildFile; fileRef = 55F5FA561A289B4B004490FB /* QMMessagesMemoryStorage.m */; };
/* End PBXBuildFile section */

/* Begin PBXFileReference section */
		2C271ED21B44018900A48BC0 /* QMChatAttachmentService.h */ = {isa = PBXFileReference; fileEncoding = 4; lastKnownFileType = sourcecode.c.h; lineEnding = 0; path = QMChatAttachmentService.h; sourceTree = "<group>"; xcLanguageSpecificationIdentifier = xcode.lang.objcpp; };
		2C271ED31B44018900A48BC0 /* QMChatAttachmentService.m */ = {isa = PBXFileReference; fileEncoding = 4; lastKnownFileType = sourcecode.c.objc; lineEnding = 0; path = QMChatAttachmentService.m; sourceTree = "<group>"; xcLanguageSpecificationIdentifier = xcode.lang.objc; };
		2C271ED61B440F3900A48BC0 /* QMChatService+AttachmentService.h */ = {isa = PBXFileReference; fileEncoding = 4; lastKnownFileType = sourcecode.c.h; lineEnding = 0; path = "QMChatService+AttachmentService.h"; sourceTree = "<group>"; xcLanguageSpecificationIdentifier = xcode.lang.objcpp; };
		2CFDB08C1B4A7E67003A565D /* QMChatConstants.h */ = {isa = PBXFileReference; lastKnownFileType = sourcecode.c.h; lineEnding = 0; path = QMChatConstants.h; sourceTree = "<group>"; xcLanguageSpecificationIdentifier = xcode.lang.objcpp; };
		55A6211E1A0BE2F4001BA470 /* QMChatService-Prefix.pch */ = {isa = PBXFileReference; fileEncoding = 4; lastKnownFileType = sourcecode.c.h; lineEnding = 0; path = "QMChatService-Prefix.pch"; sourceTree = "<group>"; xcLanguageSpecificationIdentifier = xcode.lang.objc; };
		55AA615E1A23235500D73089 /* QBChatMessage+QMCustomParameters.h */ = {isa = PBXFileReference; fileEncoding = 4; lastKnownFileType = sourcecode.c.h; path = "QBChatMessage+QMCustomParameters.h"; sourceTree = "<group>"; };
		55AA615F1A23235500D73089 /* QBChatMessage+QMCustomParameters.m */ = {isa = PBXFileReference; fileEncoding = 4; lastKnownFileType = sourcecode.c.objc; path = "QBChatMessage+QMCustomParameters.m"; sourceTree = "<group>"; };
		55B2F0CF1A091C68008C2272 /* QMChatService.h */ = {isa = PBXFileReference; lastKnownFileType = sourcecode.c.h; path = QMChatService.h; sourceTree = "<group>"; };
		55B2F0D11A091C68008C2272 /* QMChatService.m */ = {isa = PBXFileReference; lastKnownFileType = sourcecode.c.objc; path = QMChatService.m; sourceTree = "<group>"; };
		55F41E351A0A4C3B008D1C68 /* QMDialogsMemoryStorage.h */ = {isa = PBXFileReference; fileEncoding = 4; lastKnownFileType = sourcecode.c.h; path = QMDialogsMemoryStorage.h; sourceTree = "<group>"; };
		55F41E361A0A4C3B008D1C68 /* QMDialogsMemoryStorage.m */ = {isa = PBXFileReference; fileEncoding = 4; lastKnownFileType = sourcecode.c.objc; path = QMDialogsMemoryStorage.m; sourceTree = "<group>"; };
		55F5FA4F1A288F07004490FB /* libQMChatService.a */ = {isa = PBXFileReference; explicitFileType = archive.ar; includeInIndex = 0; path = libQMChatService.a; sourceTree = BUILT_PRODUCTS_DIR; };
		55F5FA551A289B4B004490FB /* QMMessagesMemoryStorage.h */ = {isa = PBXFileReference; fileEncoding = 4; lastKnownFileType = sourcecode.c.h; lineEnding = 0; path = QMMessagesMemoryStorage.h; sourceTree = "<group>"; xcLanguageSpecificationIdentifier = xcode.lang.objcpp; };
		55F5FA561A289B4B004490FB /* QMMessagesMemoryStorage.m */ = {isa = PBXFileReference; fileEncoding = 4; lastKnownFileType = sourcecode.c.objc; lineEnding = 0; path = QMMessagesMemoryStorage.m; sourceTree = "<group>"; xcLanguageSpecificationIdentifier = xcode.lang.objc; };
		8620BC5A1B0F7E0A005ED359 /* Quickblox.xcconfig */ = {isa = PBXFileReference; fileEncoding = 4; lastKnownFileType = text.xcconfig; lineEnding = 0; name = Quickblox.xcconfig; path = ../Quickblox.xcconfig; sourceTree = "<group>"; xcLanguageSpecificationIdentifier = xcode.lang.xcconfig; };
		FB2CFA0A1AF0DD6400E7F3D2 /* QMChatTypes.h */ = {isa = PBXFileReference; fileEncoding = 4; lastKnownFileType = sourcecode.c.h; lineEnding = 0; path = QMChatTypes.h; sourceTree = "<group>"; xcLanguageSpecificationIdentifier = xcode.lang.objcpp; };
/* End PBXFileReference section */

/* Begin PBXFrameworksBuildPhase section */
		55B2F0C91A091C68008C2272 /* Frameworks */ = {
			isa = PBXFrameworksBuildPhase;
			buildActionMask = 2147483647;
			files = (
			);
			runOnlyForDeploymentPostprocessing = 0;
		};
/* End PBXFrameworksBuildPhase section */

/* Begin PBXGroup section */
		55A6211D1A0BE2F4001BA470 /* Support */ = {
			isa = PBXGroup;
			children = (
				55A6211E1A0BE2F4001BA470 /* QMChatService-Prefix.pch */,
			);
			path = Support;
			sourceTree = "<group>";
		};
		55B2F0CE1A091C68008C2272 /* QMChatService */ = {
			isa = PBXGroup;
			children = (
				FB2CFA0A1AF0DD6400E7F3D2 /* QMChatTypes.h */,
				2CFDB08C1B4A7E67003A565D /* QMChatConstants.h */,
				55B2F0CF1A091C68008C2272 /* QMChatService.h */,
				55B2F0D11A091C68008C2272 /* QMChatService.m */,
				2C271ED21B44018900A48BC0 /* QMChatAttachmentService.h */,
				2C271ED31B44018900A48BC0 /* QMChatAttachmentService.m */,
				55F41E3D1A0A627D008D1C68 /* Categories */,
				55F5FA541A289B2E004490FB /* QMMessagesMemoryStorage */,
				55F41E341A0A4C3B008D1C68 /* QMDialogsMemoryStorage */,
			);
			path = QMChatService;
			sourceTree = "<group>";
		};
		55C276C01A0916BF005A0C38 = {
			isa = PBXGroup;
			children = (
				8620BC5A1B0F7E0A005ED359 /* Quickblox.xcconfig */,
				55B2F0CE1A091C68008C2272 /* QMChatService */,
				55A6211D1A0BE2F4001BA470 /* Support */,
				55F5FA4F1A288F07004490FB /* libQMChatService.a */,
			);
			sourceTree = "<group>";
		};
		55F41E341A0A4C3B008D1C68 /* QMDialogsMemoryStorage */ = {
			isa = PBXGroup;
			children = (
				55F41E351A0A4C3B008D1C68 /* QMDialogsMemoryStorage.h */,
				55F41E361A0A4C3B008D1C68 /* QMDialogsMemoryStorage.m */,
			);
			path = QMDialogsMemoryStorage;
			sourceTree = "<group>";
		};
		55F41E3D1A0A627D008D1C68 /* Categories */ = {
			isa = PBXGroup;
			children = (
				55AA615E1A23235500D73089 /* QBChatMessage+QMCustomParameters.h */,
				55AA615F1A23235500D73089 /* QBChatMessage+QMCustomParameters.m */,
				2C271ED61B440F3900A48BC0 /* QMChatService+AttachmentService.h */,
			);
			path = Categories;
			sourceTree = "<group>";
		};
		55F5FA541A289B2E004490FB /* QMMessagesMemoryStorage */ = {
			isa = PBXGroup;
			children = (
				55F5FA551A289B4B004490FB /* QMMessagesMemoryStorage.h */,
				55F5FA561A289B4B004490FB /* QMMessagesMemoryStorage.m */,
			);
			path = QMMessagesMemoryStorage;
			sourceTree = "<group>";
		};
/* End PBXGroup section */

/* Begin PBXNativeTarget section */
		55B2F0CB1A091C68008C2272 /* QMChatService */ = {
			isa = PBXNativeTarget;
			buildConfigurationList = 55B2F0DE1A091C68008C2272 /* Build configuration list for PBXNativeTarget "QMChatService" */;
			buildPhases = (
				55B2F0C81A091C68008C2272 /* Sources */,
				55B2F0C91A091C68008C2272 /* Frameworks */,
			);
			buildRules = (
			);
			dependencies = (
			);
			name = QMChatService;
			productName = QMChatService;
			productReference = 55F5FA4F1A288F07004490FB /* libQMChatService.a */;
			productType = "com.apple.product-type.library.static";
		};
/* End PBXNativeTarget section */

/* Begin PBXProject section */
		55C276C11A0916BF005A0C38 /* Project object */ = {
			isa = PBXProject;
			attributes = {
				LastUpgradeCheck = 0620;
				TargetAttributes = {
					55B2F0CB1A091C68008C2272 = {
						CreatedOnToolsVersion = 6.1;
					};
				};
			};
			buildConfigurationList = 55C276C41A0916BF005A0C38 /* Build configuration list for PBXProject "QMChatService" */;
			compatibilityVersion = "Xcode 3.2";
			developmentRegion = English;
			hasScannedForEncodings = 0;
			knownRegions = (
				en,
			);
			mainGroup = 55C276C01A0916BF005A0C38;
			productRefGroup = 55C276C01A0916BF005A0C38;
			projectDirPath = "";
			projectRoot = "";
			targets = (
				55B2F0CB1A091C68008C2272 /* QMChatService */,
			);
		};
/* End PBXProject section */

/* Begin PBXSourcesBuildPhase section */
		55B2F0C81A091C68008C2272 /* Sources */ = {
			isa = PBXSourcesBuildPhase;
			buildActionMask = 2147483647;
			files = (
				2C271ED41B44018900A48BC0 /* QMChatAttachmentService.m in Sources */,
				55B2F0D21A091C68008C2272 /* QMChatService.m in Sources */,
				55F41E371A0A4C3B008D1C68 /* QMDialogsMemoryStorage.m in Sources */,
				55F5FA571A289B4B004490FB /* QMMessagesMemoryStorage.m in Sources */,
				55AA61601A23235500D73089 /* QBChatMessage+QMCustomParameters.m in Sources */,
			);
			runOnlyForDeploymentPostprocessing = 0;
		};
/* End PBXSourcesBuildPhase section */

/* Begin XCBuildConfiguration section */
		55B2F0DF1A091C68008C2272 /* Debug */ = {
			isa = XCBuildConfiguration;
			baseConfigurationReference = 8620BC5A1B0F7E0A005ED359 /* Quickblox.xcconfig */;
			buildSettings = {
				ALWAYS_SEARCH_USER_PATHS = NO;
				CLANG_CXX_LANGUAGE_STANDARD = "gnu++0x";
				CLANG_CXX_LIBRARY = "libc++";
				CLANG_ENABLE_MODULES = YES;
				CLANG_ENABLE_OBJC_ARC = YES;
				CLANG_WARN_BOOL_CONVERSION = YES;
				CLANG_WARN_CONSTANT_CONVERSION = YES;
				CLANG_WARN_DIRECT_OBJC_ISA_USAGE = YES_ERROR;
				CLANG_WARN_EMPTY_BODY = YES;
				CLANG_WARN_ENUM_CONVERSION = YES;
				CLANG_WARN_INT_CONVERSION = YES;
				CLANG_WARN_OBJC_ROOT_CLASS = YES_ERROR;
				CLANG_WARN_UNREACHABLE_CODE = YES;
				CLANG_WARN__DUPLICATE_METHOD_MATCH = YES;
				COPY_PHASE_STRIP = NO;
				ENABLE_STRICT_OBJC_MSGSEND = YES;
				FRAMEWORK_SEARCH_PATHS = "$(inherited)";
				GCC_C_LANGUAGE_STANDARD = gnu99;
				GCC_DYNAMIC_NO_PIC = NO;
				GCC_OPTIMIZATION_LEVEL = 0;
				GCC_PRECOMPILE_PREFIX_HEADER = YES;
				GCC_PREFIX_HEADER = "Support/QMChatService-Prefix.pch";
				GCC_PREPROCESSOR_DEFINITIONS = (
					"DEBUG=1",
					"$(inherited)",
				);
				GCC_SYMBOLS_PRIVATE_EXTERN = NO;
				GCC_WARN_64_TO_32_BIT_CONVERSION = YES;
				GCC_WARN_ABOUT_RETURN_TYPE = YES_ERROR;
				GCC_WARN_UNDECLARED_SELECTOR = YES;
				GCC_WARN_UNINITIALIZED_AUTOS = YES_AGGRESSIVE;
				GCC_WARN_UNUSED_FUNCTION = YES;
				GCC_WARN_UNUSED_VARIABLE = YES;
				HEADER_SEARCH_PATHS = (
					"$(inherited)",
					/usr/include/libxml2,
					"$(SRCROOT)/../**",
				);
				IPHONEOS_DEPLOYMENT_TARGET = 8.1;
				MTL_ENABLE_DEBUG_INFO = YES;
				ONLY_ACTIVE_ARCH = NO;
				OTHER_LDFLAGS = "-ObjC";
				PRODUCT_NAME = "$(TARGET_NAME)";
				SDKROOT = iphoneos;
				SKIP_INSTALL = YES;
			};
			name = Debug;
		};
		55B2F0E01A091C68008C2272 /* Release */ = {
			isa = XCBuildConfiguration;
			baseConfigurationReference = 8620BC5A1B0F7E0A005ED359 /* Quickblox.xcconfig */;
			buildSettings = {
				ALWAYS_SEARCH_USER_PATHS = NO;
				CLANG_CXX_LANGUAGE_STANDARD = "gnu++0x";
				CLANG_CXX_LIBRARY = "libc++";
				CLANG_ENABLE_MODULES = YES;
				CLANG_ENABLE_OBJC_ARC = YES;
				CLANG_WARN_BOOL_CONVERSION = YES;
				CLANG_WARN_CONSTANT_CONVERSION = YES;
				CLANG_WARN_DIRECT_OBJC_ISA_USAGE = YES_ERROR;
				CLANG_WARN_EMPTY_BODY = YES;
				CLANG_WARN_ENUM_CONVERSION = YES;
				CLANG_WARN_INT_CONVERSION = YES;
				CLANG_WARN_OBJC_ROOT_CLASS = YES_ERROR;
				CLANG_WARN_UNREACHABLE_CODE = YES;
				CLANG_WARN__DUPLICATE_METHOD_MATCH = YES;
				COPY_PHASE_STRIP = YES;
				ENABLE_NS_ASSERTIONS = NO;
				ENABLE_STRICT_OBJC_MSGSEND = YES;
				FRAMEWORK_SEARCH_PATHS = "$(inherited)";
				GCC_C_LANGUAGE_STANDARD = gnu99;
				GCC_PRECOMPILE_PREFIX_HEADER = YES;
				GCC_PREFIX_HEADER = "Support/QMChatService-Prefix.pch";
				GCC_WARN_64_TO_32_BIT_CONVERSION = YES;
				GCC_WARN_ABOUT_RETURN_TYPE = YES_ERROR;
				GCC_WARN_UNDECLARED_SELECTOR = YES;
				GCC_WARN_UNINITIALIZED_AUTOS = YES_AGGRESSIVE;
				GCC_WARN_UNUSED_FUNCTION = YES;
				GCC_WARN_UNUSED_VARIABLE = YES;
				HEADER_SEARCH_PATHS = (
					"$(inherited)",
					/usr/include/libxml2,
					"$(SRCROOT)/../**",
				);
				IPHONEOS_DEPLOYMENT_TARGET = 8.1;
				MTL_ENABLE_DEBUG_INFO = NO;
				OTHER_LDFLAGS = "-ObjC";
				PRODUCT_NAME = "$(TARGET_NAME)";
				SDKROOT = iphoneos;
				SKIP_INSTALL = YES;
				VALIDATE_PRODUCT = YES;
			};
			name = Release;
		};
		55C276C51A0916BF005A0C38 /* Debug */ = {
			isa = XCBuildConfiguration;
			baseConfigurationReference = 8620BC5A1B0F7E0A005ED359 /* Quickblox.xcconfig */;
			buildSettings = {
				ONLY_ACTIVE_ARCH = YES;
			};
			name = Debug;
		};
		55C276C61A0916BF005A0C38 /* Release */ = {
			isa = XCBuildConfiguration;
			baseConfigurationReference = 8620BC5A1B0F7E0A005ED359 /* Quickblox.xcconfig */;
			buildSettings = {
			};
			name = Release;
		};
/* End XCBuildConfiguration section */

/* Begin XCConfigurationList section */
		55B2F0DE1A091C68008C2272 /* Build configuration list for PBXNativeTarget "QMChatService" */ = {
			isa = XCConfigurationList;
			buildConfigurations = (
				55B2F0DF1A091C68008C2272 /* Debug */,
				55B2F0E01A091C68008C2272 /* Release */,
			);
			defaultConfigurationIsVisible = 0;
			defaultConfigurationName = Release;
		};
		55C276C41A0916BF005A0C38 /* Build configuration list for PBXProject "QMChatService" */ = {
			isa = XCConfigurationList;
			buildConfigurations = (
				55C276C51A0916BF005A0C38 /* Debug */,
				55C276C61A0916BF005A0C38 /* Release */,
			);
			defaultConfigurationIsVisible = 0;
			defaultConfigurationName = Release;
		};
/* End XCConfigurationList section */
	};
	rootObject = 55C276C11A0916BF005A0C38 /* Project object */;
}
