// !$*UTF8*$!
{
	archiveVersion = 1;
	classes = {
	};
	objectVersion = 46;
	objects = {

/* Begin PBXBuildFile section */
		554A27FD1A0CD53500C4E03C /* AVFoundation.framework in Frameworks */ = {isa = PBXBuildFile; fileRef = 554A27FC1A0CD53500C4E03C /* AVFoundation.framework */; };
		55B2F11E1A091CE9008C2272 /* QMBaseService.m in Sources */ = {isa = PBXBuildFile; fileRef = 55B2F11D1A091CE9008C2272 /* QMBaseService.m */; };
/* End PBXBuildFile section */

/* Begin PBXFileReference section */
		554A27FC1A0CD53500C4E03C /* AVFoundation.framework */ = {isa = PBXFileReference; lastKnownFileType = wrapper.framework; name = AVFoundation.framework; path = Platforms/iPhoneOS.platform/Developer/SDKs/iPhoneOS8.1.sdk/System/Library/Frameworks/AVFoundation.framework; sourceTree = DEVELOPER_DIR; };
		55A6211C1A0BE2EB001BA470 /* QMBaseService-Prefix.pch */ = {isa = PBXFileReference; fileEncoding = 4; lastKnownFileType = sourcecode.c.h; path = "QMBaseService-Prefix.pch"; sourceTree = "<group>"; };
		55B2201B1A2C0C9D00668086 /* libQMBaseService.a */ = {isa = PBXFileReference; explicitFileType = archive.ar; includeInIndex = 0; path = libQMBaseService.a; sourceTree = BUILT_PRODUCTS_DIR; };
		55B2F11C1A091CE9008C2272 /* QMBaseService.h */ = {isa = PBXFileReference; fileEncoding = 4; lastKnownFileType = sourcecode.c.h; path = QMBaseService.h; sourceTree = "<group>"; };
		55B2F11D1A091CE9008C2272 /* QMBaseService.m */ = {isa = PBXFileReference; fileEncoding = 4; lastKnownFileType = sourcecode.c.objc; path = QMBaseService.m; sourceTree = "<group>"; };
/* End PBXFileReference section */

/* Begin PBXFrameworksBuildPhase section */
		55B2F1011A091CC9008C2272 /* Frameworks */ = {
			isa = PBXFrameworksBuildPhase;
			buildActionMask = 2147483647;
			files = (
				554A27FD1A0CD53500C4E03C /* AVFoundation.framework in Frameworks */,
			);
			runOnlyForDeploymentPostprocessing = 0;
		};
/* End PBXFrameworksBuildPhase section */

/* Begin PBXGroup section */
		55A6211B1A0BE2EB001BA470 /* Support */ = {
			isa = PBXGroup;
			children = (
				55A6211C1A0BE2EB001BA470 /* QMBaseService-Prefix.pch */,
			);
			path = Support;
			sourceTree = "<group>";
		};
		55B2F0E41A091CBA008C2272 = {
			isa = PBXGroup;
			children = (
				554A27FC1A0CD53500C4E03C /* AVFoundation.framework */,
				55B2F1061A091CC9008C2272 /* QMBaseService */,
				55A6211B1A0BE2EB001BA470 /* Support */,
				55B2201B1A2C0C9D00668086 /* libQMBaseService.a */,
			);
			sourceTree = "<group>";
		};
		55B2F1061A091CC9008C2272 /* QMBaseService */ = {
			isa = PBXGroup;
			children = (
				55B2F11C1A091CE9008C2272 /* QMBaseService.h */,
				55B2F11D1A091CE9008C2272 /* QMBaseService.m */,
			);
			path = QMBaseService;
			sourceTree = "<group>";
		};
/* End PBXGroup section */

/* Begin PBXNativeTarget section */
		55B2F1031A091CC9008C2272 /* QMBaseService */ = {
			isa = PBXNativeTarget;
			buildConfigurationList = 55B2F1161A091CCA008C2272 /* Build configuration list for PBXNativeTarget "QMBaseService" */;
			buildPhases = (
				55B2F1001A091CC9008C2272 /* Sources */,
				55B2F1011A091CC9008C2272 /* Frameworks */,
			);
			buildRules = (
			);
			dependencies = (
			);
			name = QMBaseService;
			productName = QMBaseService;
			productReference = 55B2201B1A2C0C9D00668086 /* libQMBaseService.a */;
			productType = "com.apple.product-type.library.static";
		};
/* End PBXNativeTarget section */

/* Begin PBXProject section */
		55B2F0E51A091CBA008C2272 /* Project object */ = {
			isa = PBXProject;
			attributes = {
				LastUpgradeCheck = 0610;
				TargetAttributes = {
					55B2F1031A091CC9008C2272 = {
						CreatedOnToolsVersion = 6.1;
					};
				};
			};
			buildConfigurationList = 55B2F0E81A091CBA008C2272 /* Build configuration list for PBXProject "QMBaseService" */;
			compatibilityVersion = "Xcode 3.2";
			developmentRegion = English;
			hasScannedForEncodings = 0;
			knownRegions = (
				en,
			);
			mainGroup = 55B2F0E41A091CBA008C2272;
			productRefGroup = 55B2F0E41A091CBA008C2272;
			projectDirPath = "";
			projectRoot = "";
			targets = (
				55B2F1031A091CC9008C2272 /* QMBaseService */,
			);
		};
/* End PBXProject section */

/* Begin PBXSourcesBuildPhase section */
		55B2F1001A091CC9008C2272 /* Sources */ = {
			isa = PBXSourcesBuildPhase;
			buildActionMask = 2147483647;
			files = (
				55B2F11E1A091CE9008C2272 /* QMBaseService.m in Sources */,
			);
			runOnlyForDeploymentPostprocessing = 0;
		};
/* End PBXSourcesBuildPhase section */

/* Begin XCBuildConfiguration section */
		55B2F0E91A091CBA008C2272 /* Debug */ = {
			isa = XCBuildConfiguration;
			buildSettings = {
				ONLY_ACTIVE_ARCH = YES;
			};
			name = Debug;
		};
		55B2F0EA1A091CBA008C2272 /* Release */ = {
			isa = XCBuildConfiguration;
			buildSettings = {
			};
			name = Release;
		};
		55B2F1171A091CCA008C2272 /* Debug */ = {
			isa = XCBuildConfiguration;
			buildSettings = {
				ALWAYS_SEARCH_USER_PATHS = NO;
				CLANG_CXX_LANGUAGE_STANDARD = "gnu++0x";
				CLANG_CXX_LIBRARY = "libc++";
				CLANG_ENABLE_MODULES = YES;
				CLANG_ENABLE_OBJC_ARC = YES;
				CLANG_WARN_BOOL_CONVERSION = YES;
				CLANG_WARN_CONSTANT_CONVERSION = YES;
				CLANG_WARN_DIRECT_OBJC_ISA_USAGE = YES_ERROR;
				CLANG_WARN_EMPTY_BODY = YES;
				CLANG_WARN_ENUM_CONVERSION = YES;
				CLANG_WARN_INT_CONVERSION = YES;
				CLANG_WARN_OBJC_ROOT_CLASS = YES_ERROR;
				CLANG_WARN_UNREACHABLE_CODE = YES;
				CLANG_WARN__DUPLICATE_METHOD_MATCH = YES;
				COPY_PHASE_STRIP = NO;
				ENABLE_STRICT_OBJC_MSGSEND = YES;
				FRAMEWORK_SEARCH_PATHS = "~/Documents/Quickblox";
				GCC_C_LANGUAGE_STANDARD = gnu99;
				GCC_DYNAMIC_NO_PIC = NO;
				GCC_OPTIMIZATION_LEVEL = 0;
				GCC_PRECOMPILE_PREFIX_HEADER = YES;
				GCC_PREFIX_HEADER = "Support/QMBaseService-Prefix.pch";
				GCC_PREPROCESSOR_DEFINITIONS = (
					"DEBUG=1",
					"$(inherited)",
				);
				GCC_SYMBOLS_PRIVATE_EXTERN = NO;
				GCC_WARN_64_TO_32_BIT_CONVERSION = YES;
				GCC_WARN_ABOUT_RETURN_TYPE = YES_ERROR;
				GCC_WARN_UNDECLARED_SELECTOR = YES;
				GCC_WARN_UNINITIALIZED_AUTOS = YES_AGGRESSIVE;
				GCC_WARN_UNUSED_FUNCTION = YES;
				GCC_WARN_UNUSED_VARIABLE = YES;
				HEADER_SEARCH_PATHS = (
					"$(inherited)",
					/usr/include/libxml2,
					"$(SRCROOT)/../**",
				);
				IPHONEOS_DEPLOYMENT_TARGET = 8.1;
				MTL_ENABLE_DEBUG_INFO = YES;
				ONLY_ACTIVE_ARCH = YES;
				OTHER_LDFLAGS = "-ObjC";
				PRODUCT_NAME = "$(TARGET_NAME)";
				SDKROOT = iphoneos;
				SKIP_INSTALL = YES;
				VALID_ARCHS = "armv7 arm64";
			};
			name = Debug;
		};
		55B2F1181A091CCA008C2272 /* Release */ = {
			isa = XCBuildConfiguration;
			buildSettings = {
				ALWAYS_SEARCH_USER_PATHS = NO;
				CLANG_CXX_LANGUAGE_STANDARD = "gnu++0x";
				CLANG_CXX_LIBRARY = "libc++";
				CLANG_ENABLE_MODULES = YES;
				CLANG_ENABLE_OBJC_ARC = YES;
				CLANG_WARN_BOOL_CONVERSION = YES;
				CLANG_WARN_CONSTANT_CONVERSION = YES;
				CLANG_WARN_DIRECT_OBJC_ISA_USAGE = YES_ERROR;
				CLANG_WARN_EMPTY_BODY = YES;
				CLANG_WARN_ENUM_CONVERSION = YES;
				CLANG_WARN_INT_CONVERSION = YES;
				CLANG_WARN_OBJC_ROOT_CLASS = YES_ERROR;
				CLANG_WARN_UNREACHABLE_CODE = YES;
				CLANG_WARN__DUPLICATE_METHOD_MATCH = YES;
				COPY_PHASE_STRIP = YES;
				ENABLE_NS_ASSERTIONS = NO;
				ENABLE_STRICT_OBJC_MSGSEND = YES;
				FRAMEWORK_SEARCH_PATHS = "~/Documents/Quickblox";
				GCC_C_LANGUAGE_STANDARD = gnu99;
				GCC_PRECOMPILE_PREFIX_HEADER = YES;
				GCC_PREFIX_HEADER = "Support/QMBaseService-Prefix.pch";
				GCC_WARN_64_TO_32_BIT_CONVERSION = YES;
				GCC_WARN_ABOUT_RETURN_TYPE = YES_ERROR;
				GCC_WARN_UNDECLARED_SELECTOR = YES;
				GCC_WARN_UNINITIALIZED_AUTOS = YES_AGGRESSIVE;
				GCC_WARN_UNUSED_FUNCTION = YES;
				GCC_WARN_UNUSED_VARIABLE = YES;
				HEADER_SEARCH_PATHS = (
					"$(inherited)",
					/usr/include/libxml2,
					"$(SRCROOT)/../**",
				);
				IPHONEOS_DEPLOYMENT_TARGET = 8.1;
				MTL_ENABLE_DEBUG_INFO = NO;
				ONLY_ACTIVE_ARCH = NO;
				OTHER_LDFLAGS = "-ObjC";
				PRODUCT_NAME = "$(TARGET_NAME)";
				SDKROOT = iphoneos;
				SKIP_INSTALL = YES;
				VALIDATE_PRODUCT = YES;
				VALID_ARCHS = "armv7 arm64";
			};
			name = Release;
		};
/* End XCBuildConfiguration section */

/* Begin XCConfigurationList section */
		55B2F0E81A091CBA008C2272 /* Build configuration list for PBXProject "QMBaseService" */ = {
			isa = XCConfigurationList;
			buildConfigurations = (
				55B2F0E91A091CBA008C2272 /* Debug */,
				55B2F0EA1A091CBA008C2272 /* Release */,
			);
			defaultConfigurationIsVisible = 0;
			defaultConfigurationName = Release;
		};
		55B2F1161A091CCA008C2272 /* Build configuration list for PBXNativeTarget "QMBaseService" */ = {
			isa = XCConfigurationList;
			buildConfigurations = (
				55B2F1171A091CCA008C2272 /* Debug */,
				55B2F1181A091CCA008C2272 /* Release */,
			);
			defaultConfigurationIsVisible = 0;
			defaultConfigurationName = Release;
		};
/* End XCConfigurationList section */
	};
	rootObject = 55B2F0E51A091CBA008C2272 /* Project object */;
}
