// !$*UTF8*$!
{
	archiveVersion = 1;
	classes = {
	};
	objectVersion = 46;
	objects = {

/* Begin PBXBuildFile section */
		558666891A122DBC00927430 /* NSManagedObject+QMCDAggregation.m in Sources */ = {isa = PBXBuildFile; fileRef = 558666311A122DBC00927430 /* NSManagedObject+QMCDAggregation.m */; };
		5586668C1A122DBC00927430 /* NSManagedObject+QMCDFinders.m in Sources */ = {isa = PBXBuildFile; fileRef = 558666371A122DBC00927430 /* NSManagedObject+QMCDFinders.m */; };
		5586668D1A122DBC00927430 /* NSManagedObject+QMCDRecord.m in Sources */ = {isa = PBXBuildFile; fileRef = 558666391A122DBC00927430 /* NSManagedObject+QMCDRecord.m */; };
		5586668E1A122DBC00927430 /* NSManagedObject+QMCDRequests.m in Sources */ = {isa = PBXBuildFile; fileRef = 5586663B1A122DBC00927430 /* NSManagedObject+QMCDRequests.m */; };
		5586668F1A122DBC00927430 /* NSManagedObjectContext+QMCDObserving.m in Sources */ = {isa = PBXBuildFile; fileRef = 5586663E1A122DBC00927430 /* NSManagedObjectContext+QMCDObserving.m */; };
		558666901A122DBC00927430 /* NSManagedObjectContext+QMCDRecord.m in Sources */ = {isa = PBXBuildFile; fileRef = 558666401A122DBC00927430 /* NSManagedObjectContext+QMCDRecord.m */; };
		558666911A122DBC00927430 /* NSManagedObjectContext+QMCDSaves.m in Sources */ = {isa = PBXBuildFile; fileRef = 558666421A122DBC00927430 /* NSManagedObjectContext+QMCDSaves.m */; };
		558666921A122DBC00927430 /* NSManagedObjectModel+QMCDRecord.m in Sources */ = {isa = PBXBuildFile; fileRef = 558666441A122DBC00927430 /* NSManagedObjectModel+QMCDRecord.m */; };
		558666931A122DBC00927430 /* NSPersistentStore+QMCDRecord.m in Sources */ = {isa = PBXBuildFile; fileRef = 558666461A122DBC00927430 /* NSPersistentStore+QMCDRecord.m */; };
		558666971A122DBC00927430 /* NSPersistentStoreCoordinator+QMCDRecord.m in Sources */ = {isa = PBXBuildFile; fileRef = 558666501A122DBC00927430 /* NSPersistentStoreCoordinator+QMCDRecord.m */; };
		558666981A122DBC00927430 /* NSArray+QMCDRecord.m in Sources */ = {isa = PBXBuildFile; fileRef = 558666531A122DBC00927430 /* NSArray+QMCDRecord.m */; };
		558666991A122DBC00927430 /* NSDictionary+QMCDRecordAdditions.m in Sources */ = {isa = PBXBuildFile; fileRef = 558666551A122DBC00927430 /* NSDictionary+QMCDRecordAdditions.m */; };
		5586669A1A122DBC00927430 /* NSError+QMCDRecordErrorHandling.m in Sources */ = {isa = PBXBuildFile; fileRef = 558666571A122DBC00927430 /* NSError+QMCDRecordErrorHandling.m */; };
		5586669B1A122DBC00927430 /* QMCDMigrationManager.m in Sources */ = {isa = PBXBuildFile; fileRef = 558666591A122DBC00927430 /* QMCDMigrationManager.m */; };
		5586669D1A122DBC00927430 /* QMCDRecord+Options.m in Sources */ = {isa = PBXBuildFile; fileRef = 5586665E1A122DBC00927430 /* QMCDRecord+Options.m */; };
		5586669F1A122DBC00927430 /* QMCDRecord+VersionInformation.m in Sources */ = {isa = PBXBuildFile; fileRef = 558666621A122DBC00927430 /* QMCDRecord+VersionInformation.m */; };
		558666A01A122DBC00927430 /* QMCDRecordInternal.m in Sources */ = {isa = PBXBuildFile; fileRef = 558666651A122DBC00927430 /* QMCDRecordInternal.m */; };
		558666A91A122DBC00927430 /* QMCDRecordStack.m in Sources */ = {isa = PBXBuildFile; fileRef = 5586667C1A122DBC00927430 /* QMCDRecordStack.m */; };
		5590F23D1A0B87AB00C5044F /* QMDBStorage.m in Sources */ = {isa = PBXBuildFile; fileRef = 5590F23C1A0B87AB00C5044F /* QMDBStorage.m */; };
/* End PBXBuildFile section */

/* Begin PBXCopyFilesBuildPhase section */
		55013AEA1A1F6C650030C134 /* CopyFiles */ = {
			isa = PBXCopyFilesBuildPhase;
			buildActionMask = 2147483647;
			dstPath = "";
			dstSubfolderSpec = 16;
			files = (
			);
			runOnlyForDeploymentPostprocessing = 0;
		};
/* End PBXCopyFilesBuildPhase section */

/* Begin PBXFileReference section */
		558666301A122DBC00927430 /* NSManagedObject+QMCDAggregation.h */ = {isa = PBXFileReference; fileEncoding = 4; lastKnownFileType = sourcecode.c.h; lineEnding = 0; path = "NSManagedObject+QMCDAggregation.h"; sourceTree = "<group>"; xcLanguageSpecificationIdentifier = xcode.lang.objcpp; };
		558666311A122DBC00927430 /* NSManagedObject+QMCDAggregation.m */ = {isa = PBXFileReference; fileEncoding = 4; lastKnownFileType = sourcecode.c.objc; lineEnding = 0; path = "NSManagedObject+QMCDAggregation.m"; sourceTree = "<group>"; xcLanguageSpecificationIdentifier = xcode.lang.objc; };
		558666361A122DBC00927430 /* NSManagedObject+QMCDFinders.h */ = {isa = PBXFileReference; fileEncoding = 4; lastKnownFileType = sourcecode.c.h; lineEnding = 0; path = "NSManagedObject+QMCDFinders.h"; sourceTree = "<group>"; xcLanguageSpecificationIdentifier = xcode.lang.objcpp; };
		558666371A122DBC00927430 /* NSManagedObject+QMCDFinders.m */ = {isa = PBXFileReference; fileEncoding = 4; lastKnownFileType = sourcecode.c.objc; lineEnding = 0; path = "NSManagedObject+QMCDFinders.m"; sourceTree = "<group>"; };
		558666381A122DBC00927430 /* NSManagedObject+QMCDRecord.h */ = {isa = PBXFileReference; fileEncoding = 4; lastKnownFileType = sourcecode.c.h; lineEnding = 0; path = "NSManagedObject+QMCDRecord.h"; sourceTree = "<group>"; xcLanguageSpecificationIdentifier = xcode.lang.objcpp; };
		558666391A122DBC00927430 /* NSManagedObject+QMCDRecord.m */ = {isa = PBXFileReference; fileEncoding = 4; lastKnownFileType = sourcecode.c.objc; lineEnding = 0; path = "NSManagedObject+QMCDRecord.m"; sourceTree = "<group>"; };
		5586663A1A122DBC00927430 /* NSManagedObject+QMCDRequests.h */ = {isa = PBXFileReference; fileEncoding = 4; lastKnownFileType = sourcecode.c.h; lineEnding = 0; path = "NSManagedObject+QMCDRequests.h"; sourceTree = "<group>"; xcLanguageSpecificationIdentifier = xcode.lang.objcpp; };
		5586663B1A122DBC00927430 /* NSManagedObject+QMCDRequests.m */ = {isa = PBXFileReference; fileEncoding = 4; lastKnownFileType = sourcecode.c.objc; lineEnding = 0; path = "NSManagedObject+QMCDRequests.m"; sourceTree = "<group>"; xcLanguageSpecificationIdentifier = xcode.lang.objc; };
		5586663D1A122DBC00927430 /* NSManagedObjectContext+QMCDObserving.h */ = {isa = PBXFileReference; fileEncoding = 4; lastKnownFileType = sourcecode.c.h; lineEnding = 0; path = "NSManagedObjectContext+QMCDObserving.h"; sourceTree = "<group>"; xcLanguageSpecificationIdentifier = xcode.lang.objcpp; };
		5586663E1A122DBC00927430 /* NSManagedObjectContext+QMCDObserving.m */ = {isa = PBXFileReference; fileEncoding = 4; lastKnownFileType = sourcecode.c.objc; path = "NSManagedObjectContext+QMCDObserving.m"; sourceTree = "<group>"; };
		5586663F1A122DBC00927430 /* NSManagedObjectContext+QMCDRecord.h */ = {isa = PBXFileReference; fileEncoding = 4; lastKnownFileType = sourcecode.c.h; path = "NSManagedObjectContext+QMCDRecord.h"; sourceTree = "<group>"; };
		558666401A122DBC00927430 /* NSManagedObjectContext+QMCDRecord.m */ = {isa = PBXFileReference; fileEncoding = 4; lastKnownFileType = sourcecode.c.objc; path = "NSManagedObjectContext+QMCDRecord.m"; sourceTree = "<group>"; };
		558666411A122DBC00927430 /* NSManagedObjectContext+QMCDSaves.h */ = {isa = PBXFileReference; fileEncoding = 4; lastKnownFileType = sourcecode.c.h; path = "NSManagedObjectContext+QMCDSaves.h"; sourceTree = "<group>"; };
		558666421A122DBC00927430 /* NSManagedObjectContext+QMCDSaves.m */ = {isa = PBXFileReference; fileEncoding = 4; lastKnownFileType = sourcecode.c.objc; path = "NSManagedObjectContext+QMCDSaves.m"; sourceTree = "<group>"; };
		558666431A122DBC00927430 /* NSManagedObjectModel+QMCDRecord.h */ = {isa = PBXFileReference; fileEncoding = 4; lastKnownFileType = sourcecode.c.h; path = "NSManagedObjectModel+QMCDRecord.h"; sourceTree = "<group>"; };
		558666441A122DBC00927430 /* NSManagedObjectModel+QMCDRecord.m */ = {isa = PBXFileReference; fileEncoding = 4; lastKnownFileType = sourcecode.c.objc; path = "NSManagedObjectModel+QMCDRecord.m"; sourceTree = "<group>"; };
		558666451A122DBC00927430 /* NSPersistentStore+QMCDRecord.h */ = {isa = PBXFileReference; fileEncoding = 4; lastKnownFileType = sourcecode.c.h; lineEnding = 0; path = "NSPersistentStore+QMCDRecord.h"; sourceTree = "<group>"; xcLanguageSpecificationIdentifier = xcode.lang.objcpp; };
		558666461A122DBC00927430 /* NSPersistentStore+QMCDRecord.m */ = {isa = PBXFileReference; fileEncoding = 4; lastKnownFileType = sourcecode.c.objc; lineEnding = 0; path = "NSPersistentStore+QMCDRecord.m"; sourceTree = "<group>"; xcLanguageSpecificationIdentifier = xcode.lang.objc; };
		558666471A122DBC00927430 /* NSPersistentStore+QMCDRecordPrivate.h */ = {isa = PBXFileReference; fileEncoding = 4; lastKnownFileType = sourcecode.c.h; path = "NSPersistentStore+QMCDRecordPrivate.h"; sourceTree = "<group>"; };
		5586664F1A122DBC00927430 /* NSPersistentStoreCoordinator+QMCDRecord.h */ = {isa = PBXFileReference; fileEncoding = 4; lastKnownFileType = sourcecode.c.h; lineEnding = 0; path = "NSPersistentStoreCoordinator+QMCDRecord.h"; sourceTree = "<group>"; xcLanguageSpecificationIdentifier = xcode.lang.objcpp; };
		558666501A122DBC00927430 /* NSPersistentStoreCoordinator+QMCDRecord.m */ = {isa = PBXFileReference; fileEncoding = 4; lastKnownFileType = sourcecode.c.objc; lineEnding = 0; path = "NSPersistentStoreCoordinator+QMCDRecord.m"; sourceTree = "<group>"; xcLanguageSpecificationIdentifier = xcode.lang.objc; };
		558666521A122DBC00927430 /* NSArray+QMCDRecord.h */ = {isa = PBXFileReference; fileEncoding = 4; lastKnownFileType = sourcecode.c.h; path = "NSArray+QMCDRecord.h"; sourceTree = "<group>"; };
		558666531A122DBC00927430 /* NSArray+QMCDRecord.m */ = {isa = PBXFileReference; fileEncoding = 4; lastKnownFileType = sourcecode.c.objc; path = "NSArray+QMCDRecord.m"; sourceTree = "<group>"; };
		558666541A122DBC00927430 /* NSDictionary+QMCDRecordAdditions.h */ = {isa = PBXFileReference; fileEncoding = 4; lastKnownFileType = sourcecode.c.h; lineEnding = 0; path = "NSDictionary+QMCDRecordAdditions.h"; sourceTree = "<group>"; xcLanguageSpecificationIdentifier = xcode.lang.objcpp; };
		558666551A122DBC00927430 /* NSDictionary+QMCDRecordAdditions.m */ = {isa = PBXFileReference; fileEncoding = 4; lastKnownFileType = sourcecode.c.objc; lineEnding = 0; path = "NSDictionary+QMCDRecordAdditions.m"; sourceTree = "<group>"; xcLanguageSpecificationIdentifier = xcode.lang.objc; };
		558666561A122DBC00927430 /* NSError+QMCDRecordErrorHandling.h */ = {isa = PBXFileReference; fileEncoding = 4; lastKnownFileType = sourcecode.c.h; lineEnding = 0; path = "NSError+QMCDRecordErrorHandling.h"; sourceTree = "<group>"; xcLanguageSpecificationIdentifier = xcode.lang.objcpp; };
		558666571A122DBC00927430 /* NSError+QMCDRecordErrorHandling.m */ = {isa = PBXFileReference; fileEncoding = 4; lastKnownFileType = sourcecode.c.objc; lineEnding = 0; path = "NSError+QMCDRecordErrorHandling.m"; sourceTree = "<group>"; xcLanguageSpecificationIdentifier = xcode.lang.objc; };
		558666581A122DBC00927430 /* QMCDMigrationManager.h */ = {isa = PBXFileReference; fileEncoding = 4; lastKnownFileType = sourcecode.c.h; lineEnding = 0; path = QMCDMigrationManager.h; sourceTree = "<group>"; xcLanguageSpecificationIdentifier = xcode.lang.objcpp; };
		558666591A122DBC00927430 /* QMCDMigrationManager.m */ = {isa = PBXFileReference; fileEncoding = 4; lastKnownFileType = sourcecode.c.objc; lineEnding = 0; path = QMCDMigrationManager.m; sourceTree = "<group>"; xcLanguageSpecificationIdentifier = xcode.lang.objc; };
		5586665D1A122DBC00927430 /* QMCDRecord+Options.h */ = {isa = PBXFileReference; fileEncoding = 4; lastKnownFileType = sourcecode.c.h; lineEnding = 0; path = "QMCDRecord+Options.h"; sourceTree = "<group>"; xcLanguageSpecificationIdentifier = xcode.lang.objcpp; };
		5586665E1A122DBC00927430 /* QMCDRecord+Options.m */ = {isa = PBXFileReference; fileEncoding = 4; lastKnownFileType = sourcecode.c.objc; lineEnding = 0; path = "QMCDRecord+Options.m"; sourceTree = "<group>"; xcLanguageSpecificationIdentifier = xcode.lang.objc; };
		558666611A122DBC00927430 /* QMCDRecord+VersionInformation.h */ = {isa = PBXFileReference; fileEncoding = 4; lastKnownFileType = sourcecode.c.h; path = "QMCDRecord+VersionInformation.h"; sourceTree = "<group>"; };
		558666621A122DBC00927430 /* QMCDRecord+VersionInformation.m */ = {isa = PBXFileReference; fileEncoding = 4; lastKnownFileType = sourcecode.c.objc; path = "QMCDRecord+VersionInformation.m"; sourceTree = "<group>"; };
		558666641A122DBC00927430 /* QMCDRecordInternal.h */ = {isa = PBXFileReference; fileEncoding = 4; lastKnownFileType = sourcecode.c.h; path = QMCDRecordInternal.h; sourceTree = "<group>"; };
		558666651A122DBC00927430 /* QMCDRecordInternal.m */ = {isa = PBXFileReference; fileEncoding = 4; lastKnownFileType = sourcecode.c.objc; lineEnding = 0; path = QMCDRecordInternal.m; sourceTree = "<group>"; };
		558666661A122DBC00927430 /* QMCDRecordLogging.h */ = {isa = PBXFileReference; fileEncoding = 4; lastKnownFileType = sourcecode.c.h; lineEnding = 0; path = QMCDRecordLogging.h; sourceTree = "<group>"; xcLanguageSpecificationIdentifier = xcode.lang.objcpp; };
		5586666A1A122DBC00927430 /* QMCDRecord.h */ = {isa = PBXFileReference; fileEncoding = 4; lastKnownFileType = sourcecode.c.h; lineEnding = 0; path = QMCDRecord.h; sourceTree = "<group>"; xcLanguageSpecificationIdentifier = xcode.lang.objcpp; };
		5586667B1A122DBC00927430 /* QMCDRecordStack.h */ = {isa = PBXFileReference; fileEncoding = 4; lastKnownFileType = sourcecode.c.h; lineEnding = 0; path = QMCDRecordStack.h; sourceTree = "<group>"; xcLanguageSpecificationIdentifier = xcode.lang.objcpp; };
		5586667C1A122DBC00927430 /* QMCDRecordStack.m */ = {isa = PBXFileReference; fileEncoding = 4; lastKnownFileType = sourcecode.c.objc; lineEnding = 0; path = QMCDRecordStack.m; sourceTree = "<group>"; };
		5590F23A1A0B87AB00C5044F /* QMDBStorage.h */ = {isa = PBXFileReference; lastKnownFileType = sourcecode.c.h; lineEnding = 0; path = QMDBStorage.h; sourceTree = "<group>"; };
		5590F23C1A0B87AB00C5044F /* QMDBStorage.m */ = {isa = PBXFileReference; lastKnownFileType = sourcecode.c.objc; lineEnding = 0; path = QMDBStorage.m; sourceTree = "<group>"; };
		55B220211A2C0C9E00668086 /* libQMDBStorage.a */ = {isa = PBXFileReference; explicitFileType = archive.ar; includeInIndex = 0; path = libQMDBStorage.a; sourceTree = BUILT_PRODUCTS_DIR; };
		FB805A531F052ED6000B3E9F /* QMDBStorage-Prefix.pch */ = {isa = PBXFileReference; fileEncoding = 4; lastKnownFileType = sourcecode.c.h; path = "QMDBStorage-Prefix.pch"; sourceTree = "<group>"; };
/* End PBXFileReference section */

/* Begin PBXFrameworksBuildPhase section */
		5590F2341A0B87AB00C5044F /* Frameworks */ = {
			isa = PBXFrameworksBuildPhase;
			buildActionMask = 2147483647;
			files = (
			);
			runOnlyForDeploymentPostprocessing = 0;
		};
/* End PBXFrameworksBuildPhase section */

/* Begin PBXGroup section */
		5586661B1A122DBB00927430 /* QMCDRecord */ = {
			isa = PBXGroup;
			children = (
				5586666A1A122DBC00927430 /* QMCDRecord.h */,
				558666581A122DBC00927430 /* QMCDMigrationManager.h */,
				558666591A122DBC00927430 /* QMCDMigrationManager.m */,
				5586661C1A122DBC00927430 /* Categories */,
				5586665A1A122DBC00927430 /* QMCDRecord */,
				5586666B1A122DBC00927430 /* QMCDRecordStack */,
			);
			path = QMCDRecord;
			sourceTree = "<group>";
		};
		5586661C1A122DBC00927430 /* Categories */ = {
			isa = PBXGroup;
			children = (
				5586661D1A122DBC00927430 /* CoreData */,
				558666511A122DBC00927430 /* Foundation */,
			);
			path = Categories;
			sourceTree = "<group>";
		};
		5586661D1A122DBC00927430 /* CoreData */ = {
			isa = PBXGroup;
			children = (
				5586662F1A122DBC00927430 /* NSManagedObject */,
				5586663C1A122DBC00927430 /* NSManagedObjectContext */,
				558666431A122DBC00927430 /* NSManagedObjectModel+QMCDRecord.h */,
				558666441A122DBC00927430 /* NSManagedObjectModel+QMCDRecord.m */,
				558666451A122DBC00927430 /* NSPersistentStore+QMCDRecord.h */,
				558666461A122DBC00927430 /* NSPersistentStore+QMCDRecord.m */,
				558666471A122DBC00927430 /* NSPersistentStore+QMCDRecordPrivate.h */,
				558666481A122DBC00927430 /* NSPersistentStoreCoordinator */,
			);
			path = CoreData;
			sourceTree = "<group>";
		};
		5586662F1A122DBC00927430 /* NSManagedObject */ = {
			isa = PBXGroup;
			children = (
				558666301A122DBC00927430 /* NSManagedObject+QMCDAggregation.h */,
				558666311A122DBC00927430 /* NSManagedObject+QMCDAggregation.m */,
				558666361A122DBC00927430 /* NSManagedObject+QMCDFinders.h */,
				558666371A122DBC00927430 /* NSManagedObject+QMCDFinders.m */,
				558666381A122DBC00927430 /* NSManagedObject+QMCDRecord.h */,
				558666391A122DBC00927430 /* NSManagedObject+QMCDRecord.m */,
				5586663A1A122DBC00927430 /* NSManagedObject+QMCDRequests.h */,
				5586663B1A122DBC00927430 /* NSManagedObject+QMCDRequests.m */,
			);
			path = NSManagedObject;
			sourceTree = "<group>";
		};
		5586663C1A122DBC00927430 /* NSManagedObjectContext */ = {
			isa = PBXGroup;
			children = (
				5586663D1A122DBC00927430 /* NSManagedObjectContext+QMCDObserving.h */,
				5586663E1A122DBC00927430 /* NSManagedObjectContext+QMCDObserving.m */,
				5586663F1A122DBC00927430 /* NSManagedObjectContext+QMCDRecord.h */,
				558666401A122DBC00927430 /* NSManagedObjectContext+QMCDRecord.m */,
				558666411A122DBC00927430 /* NSManagedObjectContext+QMCDSaves.h */,
				558666421A122DBC00927430 /* NSManagedObjectContext+QMCDSaves.m */,
			);
			path = NSManagedObjectContext;
			sourceTree = "<group>";
		};
		558666481A122DBC00927430 /* NSPersistentStoreCoordinator */ = {
			isa = PBXGroup;
			children = (
				5586664F1A122DBC00927430 /* NSPersistentStoreCoordinator+QMCDRecord.h */,
				558666501A122DBC00927430 /* NSPersistentStoreCoordinator+QMCDRecord.m */,
			);
			path = NSPersistentStoreCoordinator;
			sourceTree = "<group>";
		};
		558666511A122DBC00927430 /* Foundation */ = {
			isa = PBXGroup;
			children = (
				558666521A122DBC00927430 /* NSArray+QMCDRecord.h */,
				558666531A122DBC00927430 /* NSArray+QMCDRecord.m */,
				558666541A122DBC00927430 /* NSDictionary+QMCDRecordAdditions.h */,
				558666551A122DBC00927430 /* NSDictionary+QMCDRecordAdditions.m */,
				558666561A122DBC00927430 /* NSError+QMCDRecordErrorHandling.h */,
				558666571A122DBC00927430 /* NSError+QMCDRecordErrorHandling.m */,
			);
			path = Foundation;
			sourceTree = "<group>";
		};
		5586665A1A122DBC00927430 /* QMCDRecord */ = {
			isa = PBXGroup;
			children = (
				5586665D1A122DBC00927430 /* QMCDRecord+Options.h */,
				5586665E1A122DBC00927430 /* QMCDRecord+Options.m */,
				558666611A122DBC00927430 /* QMCDRecord+VersionInformation.h */,
				558666621A122DBC00927430 /* QMCDRecord+VersionInformation.m */,
				558666641A122DBC00927430 /* QMCDRecordInternal.h */,
				558666651A122DBC00927430 /* QMCDRecordInternal.m */,
				558666661A122DBC00927430 /* QMCDRecordLogging.h */,
			);
			path = QMCDRecord;
			sourceTree = "<group>";
		};
		5586666B1A122DBC00927430 /* QMCDRecordStack */ = {
			isa = PBXGroup;
			children = (
				5586667B1A122DBC00927430 /* QMCDRecordStack.h */,
				5586667C1A122DBC00927430 /* QMCDRecordStack.m */,
			);
			path = QMCDRecordStack;
			sourceTree = "<group>";
		};
		5590F2251A0B876F00C5044F = {
			isa = PBXGroup;
			children = (
				FB805A531F052ED6000B3E9F /* QMDBStorage-Prefix.pch */,
				5590F2391A0B87AB00C5044F /* QMDBStorage */,
				55B220211A2C0C9E00668086 /* libQMDBStorage.a */,
			);
			sourceTree = "<group>";
		};
		5590F2391A0B87AB00C5044F /* QMDBStorage */ = {
			isa = PBXGroup;
			children = (
				5590F23A1A0B87AB00C5044F /* QMDBStorage.h */,
				5590F23C1A0B87AB00C5044F /* QMDBStorage.m */,
				5586661B1A122DBB00927430 /* QMCDRecord */,
			);
			path = QMDBStorage;
			sourceTree = "<group>";
		};
/* End PBXGroup section */

/* Begin PBXNativeTarget section */
		5590F2361A0B87AB00C5044F /* QMDBStorage */ = {
			isa = PBXNativeTarget;
			buildConfigurationList = 5590F2491A0B87AB00C5044F /* Build configuration list for PBXNativeTarget "QMDBStorage" */;
			buildPhases = (
				5590F2331A0B87AB00C5044F /* Sources */,
				5590F2341A0B87AB00C5044F /* Frameworks */,
				55013AEA1A1F6C650030C134 /* CopyFiles */,
			);
			buildRules = (
			);
			dependencies = (
			);
			name = QMDBStorage;
			productName = QMDBStorage;
			productReference = 55B220211A2C0C9E00668086 /* libQMDBStorage.a */;
			productType = "com.apple.product-type.library.static";
		};
/* End PBXNativeTarget section */

/* Begin PBXProject section */
		5590F2261A0B876F00C5044F /* Project object */ = {
			isa = PBXProject;
			attributes = {
				LastUpgradeCheck = 0900;
				TargetAttributes = {
					5590F2361A0B87AB00C5044F = {
						CreatedOnToolsVersion = 6.1;
					};
				};
			};
			buildConfigurationList = 5590F2291A0B876F00C5044F /* Build configuration list for PBXProject "QMDBStorage" */;
			compatibilityVersion = "Xcode 3.2";
			developmentRegion = English;
			hasScannedForEncodings = 0;
			knownRegions = (
				en,
			);
			mainGroup = 5590F2251A0B876F00C5044F;
			productRefGroup = 5590F2251A0B876F00C5044F;
			projectDirPath = "";
			projectRoot = "";
			targets = (
				5590F2361A0B87AB00C5044F /* QMDBStorage */,
			);
		};
/* End PBXProject section */

/* Begin PBXSourcesBuildPhase section */
		5590F2331A0B87AB00C5044F /* Sources */ = {
			isa = PBXSourcesBuildPhase;
			buildActionMask = 2147483647;
			files = (
				5586669D1A122DBC00927430 /* QMCDRecord+Options.m in Sources */,
				5586669A1A122DBC00927430 /* NSError+QMCDRecordErrorHandling.m in Sources */,
				558666A91A122DBC00927430 /* QMCDRecordStack.m in Sources */,
				558666891A122DBC00927430 /* NSManagedObject+QMCDAggregation.m in Sources */,
				5586668D1A122DBC00927430 /* NSManagedObject+QMCDRecord.m in Sources */,
				558666921A122DBC00927430 /* NSManagedObjectModel+QMCDRecord.m in Sources */,
				558666931A122DBC00927430 /* NSPersistentStore+QMCDRecord.m in Sources */,
				5586668E1A122DBC00927430 /* NSManagedObject+QMCDRequests.m in Sources */,
				5590F23D1A0B87AB00C5044F /* QMDBStorage.m in Sources */,
				5586668F1A122DBC00927430 /* NSManagedObjectContext+QMCDObserving.m in Sources */,
				558666971A122DBC00927430 /* NSPersistentStoreCoordinator+QMCDRecord.m in Sources */,
				558666981A122DBC00927430 /* NSArray+QMCDRecord.m in Sources */,
				558666911A122DBC00927430 /* NSManagedObjectContext+QMCDSaves.m in Sources */,
				5586669F1A122DBC00927430 /* QMCDRecord+VersionInformation.m in Sources */,
				5586669B1A122DBC00927430 /* QMCDMigrationManager.m in Sources */,
				558666A01A122DBC00927430 /* QMCDRecordInternal.m in Sources */,
				558666901A122DBC00927430 /* NSManagedObjectContext+QMCDRecord.m in Sources */,
				558666991A122DBC00927430 /* NSDictionary+QMCDRecordAdditions.m in Sources */,
				5586668C1A122DBC00927430 /* NSManagedObject+QMCDFinders.m in Sources */,
			);
			runOnlyForDeploymentPostprocessing = 0;
		};
/* End PBXSourcesBuildPhase section */

/* Begin XCBuildConfiguration section */
		5590F22A1A0B876F00C5044F /* Debug */ = {
			isa = XCBuildConfiguration;
			buildSettings = {
				CLANG_WARN_BLOCK_CAPTURE_AUTORELEASING = YES;
				CLANG_WARN_BOOL_CONVERSION = YES;
				CLANG_WARN_COMMA = YES;
				CLANG_WARN_CONSTANT_CONVERSION = YES;
				CLANG_WARN_EMPTY_BODY = YES;
				CLANG_WARN_ENUM_CONVERSION = YES;
				CLANG_WARN_INFINITE_RECURSION = YES;
				CLANG_WARN_INT_CONVERSION = YES;
				CLANG_WARN_NON_LITERAL_NULL_CONVERSION = YES;
				CLANG_WARN_OBJC_LITERAL_CONVERSION = YES;
				CLANG_WARN_RANGE_LOOP_ANALYSIS = YES;
				CLANG_WARN_STRICT_PROTOTYPES = YES;
				CLANG_WARN_SUSPICIOUS_MOVE = YES;
				CLANG_WARN_UNREACHABLE_CODE = YES;
				CLANG_WARN__DUPLICATE_METHOD_MATCH = YES;
				ENABLE_STRICT_OBJC_MSGSEND = YES;
				ENABLE_TESTABILITY = YES;
				GCC_NO_COMMON_BLOCKS = YES;
				GCC_WARN_64_TO_32_BIT_CONVERSION = YES;
				GCC_WARN_ABOUT_RETURN_TYPE = YES;
				GCC_WARN_UNDECLARED_SELECTOR = YES;
				GCC_WARN_UNINITIALIZED_AUTOS = YES;
				GCC_WARN_UNUSED_FUNCTION = YES;
				GCC_WARN_UNUSED_VARIABLE = YES;
				ONLY_ACTIVE_ARCH = YES;
			};
			name = Debug;
		};
		5590F22B1A0B876F00C5044F /* Release */ = {
			isa = XCBuildConfiguration;
			buildSettings = {
				CLANG_WARN_BLOCK_CAPTURE_AUTORELEASING = YES;
				CLANG_WARN_BOOL_CONVERSION = YES;
				CLANG_WARN_COMMA = YES;
				CLANG_WARN_CONSTANT_CONVERSION = YES;
				CLANG_WARN_EMPTY_BODY = YES;
				CLANG_WARN_ENUM_CONVERSION = YES;
				CLANG_WARN_INFINITE_RECURSION = YES;
				CLANG_WARN_INT_CONVERSION = YES;
				CLANG_WARN_NON_LITERAL_NULL_CONVERSION = YES;
				CLANG_WARN_OBJC_LITERAL_CONVERSION = YES;
				CLANG_WARN_RANGE_LOOP_ANALYSIS = YES;
				CLANG_WARN_STRICT_PROTOTYPES = YES;
				CLANG_WARN_SUSPICIOUS_MOVE = YES;
				CLANG_WARN_UNREACHABLE_CODE = YES;
				CLANG_WARN__DUPLICATE_METHOD_MATCH = YES;
				ENABLE_STRICT_OBJC_MSGSEND = YES;
				GCC_NO_COMMON_BLOCKS = YES;
				GCC_WARN_64_TO_32_BIT_CONVERSION = YES;
				GCC_WARN_ABOUT_RETURN_TYPE = YES;
				GCC_WARN_UNDECLARED_SELECTOR = YES;
				GCC_WARN_UNINITIALIZED_AUTOS = YES;
				GCC_WARN_UNUSED_FUNCTION = YES;
				GCC_WARN_UNUSED_VARIABLE = YES;
			};
			name = Release;
		};
		5590F24A1A0B87AB00C5044F /* Debug */ = {
			isa = XCBuildConfiguration;
			buildSettings = {
				ALWAYS_SEARCH_USER_PATHS = NO;
				CLANG_CXX_LANGUAGE_STANDARD = "gnu++0x";
				CLANG_CXX_LIBRARY = "libc++";
				CLANG_ENABLE_MODULES = YES;
				CLANG_ENABLE_OBJC_ARC = YES;
				CLANG_WARN_BOOL_CONVERSION = YES;
				CLANG_WARN_CONSTANT_CONVERSION = YES;
				CLANG_WARN_DIRECT_OBJC_ISA_USAGE = YES_ERROR;
				CLANG_WARN_EMPTY_BODY = YES;
				CLANG_WARN_ENUM_CONVERSION = YES;
				CLANG_WARN_INT_CONVERSION = YES;
				CLANG_WARN_OBJC_ROOT_CLASS = YES_ERROR;
				CLANG_WARN_UNREACHABLE_CODE = YES;
				CLANG_WARN__DUPLICATE_METHOD_MATCH = YES;
				COPY_PHASE_STRIP = NO;
				ENABLE_STRICT_OBJC_MSGSEND = YES;
				GCC_C_LANGUAGE_STANDARD = gnu99;
				GCC_DYNAMIC_NO_PIC = NO;
				GCC_OPTIMIZATION_LEVEL = 0;
				GCC_PRECOMPILE_PREFIX_HEADER = YES;
				GCC_PREFIX_HEADER = "QMDBStorage-Prefix.pch";
				GCC_PREPROCESSOR_DEFINITIONS = (
					"DEBUG=1",
					"$(inherited)",
				);
				GCC_SYMBOLS_PRIVATE_EXTERN = NO;
				GCC_WARN_64_TO_32_BIT_CONVERSION = YES;
				GCC_WARN_ABOUT_RETURN_TYPE = YES_ERROR;
				GCC_WARN_UNDECLARED_SELECTOR = YES;
				GCC_WARN_UNINITIALIZED_AUTOS = YES_AGGRESSIVE;
				GCC_WARN_UNUSED_FUNCTION = YES;
				GCC_WARN_UNUSED_VARIABLE = YES;
				HEADER_SEARCH_PATHS = (
					"$(inherited)",
					"$(SRCROOT)/../**",
				);
				IPHONEOS_DEPLOYMENT_TARGET = 8.1;
				MTL_ENABLE_DEBUG_INFO = YES;
				ONLY_ACTIVE_ARCH = YES;
				OTHER_LDFLAGS = "-ObjC";
				PRODUCT_NAME = "$(TARGET_NAME)";
				SDKROOT = iphoneos;
				SKIP_INSTALL = YES;
				VALID_ARCHS = "armv7 arm64";
			};
			name = Debug;
		};
		5590F24B1A0B87AB00C5044F /* Release */ = {
			isa = XCBuildConfiguration;
			buildSettings = {
				ALWAYS_SEARCH_USER_PATHS = NO;
				CLANG_CXX_LANGUAGE_STANDARD = "gnu++0x";
				CLANG_CXX_LIBRARY = "libc++";
				CLANG_ENABLE_MODULES = YES;
				CLANG_ENABLE_OBJC_ARC = YES;
				CLANG_WARN_BOOL_CONVERSION = YES;
				CLANG_WARN_CONSTANT_CONVERSION = YES;
				CLANG_WARN_DIRECT_OBJC_ISA_USAGE = YES_ERROR;
				CLANG_WARN_EMPTY_BODY = YES;
				CLANG_WARN_ENUM_CONVERSION = YES;
				CLANG_WARN_INT_CONVERSION = YES;
				CLANG_WARN_OBJC_ROOT_CLASS = YES_ERROR;
				CLANG_WARN_UNREACHABLE_CODE = YES;
				CLANG_WARN__DUPLICATE_METHOD_MATCH = YES;
				COPY_PHASE_STRIP = YES;
				ENABLE_NS_ASSERTIONS = NO;
				ENABLE_STRICT_OBJC_MSGSEND = YES;
				GCC_C_LANGUAGE_STANDARD = gnu99;
				GCC_PRECOMPILE_PREFIX_HEADER = YES;
				GCC_PREFIX_HEADER = "QMDBStorage-Prefix.pch";
				GCC_WARN_64_TO_32_BIT_CONVERSION = YES;
				GCC_WARN_ABOUT_RETURN_TYPE = YES_ERROR;
				GCC_WARN_UNDECLARED_SELECTOR = YES;
				GCC_WARN_UNINITIALIZED_AUTOS = YES_AGGRESSIVE;
				GCC_WARN_UNUSED_FUNCTION = YES;
				GCC_WARN_UNUSED_VARIABLE = YES;
				HEADER_SEARCH_PATHS = (
					"$(inherited)",
					"$(SRCROOT)/../**",
				);
				IPHONEOS_DEPLOYMENT_TARGET = 8.1;
				MTL_ENABLE_DEBUG_INFO = NO;
				ONLY_ACTIVE_ARCH = NO;
				OTHER_LDFLAGS = "-ObjC";
				PRODUCT_NAME = "$(TARGET_NAME)";
				SDKROOT = iphoneos;
				SKIP_INSTALL = YES;
				VALIDATE_PRODUCT = YES;
				VALID_ARCHS = "armv7 arm64";
			};
			name = Release;
		};
/* End XCBuildConfiguration section */

/* Begin XCConfigurationList section */
		5590F2291A0B876F00C5044F /* Build configuration list for PBXProject "QMDBStorage" */ = {
			isa = XCConfigurationList;
			buildConfigurations = (
				5590F22A1A0B876F00C5044F /* Debug */,
				5590F22B1A0B876F00C5044F /* Release */,
			);
			defaultConfigurationIsVisible = 0;
			defaultConfigurationName = Release;
		};
		5590F2491A0B87AB00C5044F /* Build configuration list for PBXNativeTarget "QMDBStorage" */ = {
			isa = XCConfigurationList;
			buildConfigurations = (
				5590F24A1A0B87AB00C5044F /* Debug */,
				5590F24B1A0B87AB00C5044F /* Release */,
			);
			defaultConfigurationIsVisible = 0;
			defaultConfigurationName = Release;
		};
/* End XCConfigurationList section */
	};
	rootObject = 5590F2261A0B876F00C5044F /* Project object */;
}
