// !$*UTF8*$!
{
	archiveVersion = 1;
	classes = {
	};
	objectVersion = 46;
	objects = {

/* Begin PBXAggregateTarget section */
		1402B64D1B1384430069E3A4 /* QMChatContactListCacheMogenerator */ = {
			isa = PBXAggregateTarget;
			buildConfigurationList = 1402B6501B1384430069E3A4 /* Build configuration list for PBXAggregateTarget "QMChatContactListCacheMogenerator" */;
			buildPhases = (
				1402B6551B13844B0069E3A4 /* ShellScript */,
			);
			dependencies = (
			);
			name = QMChatContactListCacheMogenerator;
			productName = QMChatContactListCacheMogenerator;
		};
/* End PBXAggregateTarget section */

/* Begin PBXBuildFile section */
		554A28111A0CE1A900C4E03C /* QMContactListModel.xcdatamodeld in Sources */ = {isa = PBXBuildFile; fileRef = 554A280F1A0CE1A900C4E03C /* QMContactListModel.xcdatamodeld */; };
		554A28291A0CE28300C4E03C /* QMContactListModel.xcdatamodeld in Sources */ = {isa = PBXBuildFile; fileRef = 554A280F1A0CE1A900C4E03C /* QMContactListModel.xcdatamodeld */; };
		554A28371A0CE38600C4E03C /* CDContactListItem.m in Sources */ = {isa = PBXBuildFile; fileRef = 554A282E1A0CE38600C4E03C /* CDContactListItem.m */; };
		554A28391A0CE38600C4E03C /* _CDContactListItem.m in Sources */ = {isa = PBXBuildFile; fileRef = 554A28331A0CE38600C4E03C /* _CDContactListItem.m */; };
		5590F2B01A0B8D4000C5044F /* QMContactListCache.m in Sources */ = {isa = PBXBuildFile; fileRef = 5590F2AF1A0B8D4000C5044F /* QMContactListCache.m */; };
/* End PBXBuildFile section */

/* Begin PBXBuildRule section */
		55A620CB1A0BBCB3001BA470 /* PBXBuildRule */ = {
			isa = PBXBuildRule;
			compilerSpec = com.apple.compilers.proxy.script;
			fileType = wrapper.xcdatamodeld;
			isEditable = 1;
			outputFiles = (
			);
			script = "echo \"Running mogend\"\n\"${PROJECT_DIR}/Q-municate/Classes/CoreData/mogend.sh\"\n";
		};
		55A620CC1A0BBCBD001BA470 /* PBXBuildRule */ = {
			isa = PBXBuildRule;
			compilerSpec = com.apple.compilers.proxy.script;
			fileType = wrapper.xcdatamodel;
			isEditable = 1;
			outputFiles = (
			);
			script = "echo \"Running mogen\"\n\"${PROJECT_DIR}/Q-municate/Classes/CoreData/mogen.sh\"";
		};
/* End PBXBuildRule section */

/* Begin PBXContainerItemProxy section */
		865A687A1B1F2795003AC969 /* PBXContainerItemProxy */ = {
			isa = PBXContainerItemProxy;
			containerPortal = 5590F29D1A0B8D2900C5044F /* Project object */;
			proxyType = 1;
			remoteGlobalIDString = 1402B64D1B1384430069E3A4;
			remoteInfo = QMChatContactListCacheMogenerator;
		};
		FB5D70A11EF18AB600E50084 /* PBXContainerItemProxy */ = {
			isa = PBXContainerItemProxy;
			containerPortal = 5590F29D1A0B8D2900C5044F /* Project object */;
			proxyType = 1;
			remoteGlobalIDString = 554A28201A0CE22200C4E03C;
			remoteInfo = QMContactListCacheModel;
		};
/* End PBXContainerItemProxy section */

/* Begin PBXFileReference section */
		55013B221A1F81530030C134 /* Info.plist */ = {isa = PBXFileReference; fileEncoding = 4; lastKnownFileType = text.plist.xml; path = Info.plist; sourceTree = "<group>"; };
		554A28101A0CE1A900C4E03C /* QMModel.xcdatamodel */ = {isa = PBXFileReference; lastKnownFileType = wrapper.xcdatamodel; path = QMModel.xcdatamodel; sourceTree = "<group>"; };
		554A282D1A0CE38600C4E03C /* CDContactListItem.h */ = {isa = PBXFileReference; fileEncoding = 4; lastKnownFileType = sourcecode.c.h; path = CDContactListItem.h; sourceTree = "<group>"; };
		554A282E1A0CE38600C4E03C /* CDContactListItem.m */ = {isa = PBXFileReference; fileEncoding = 4; lastKnownFileType = sourcecode.c.objc; path = CDContactListItem.m; sourceTree = "<group>"; };
		554A28321A0CE38600C4E03C /* _CDContactListItem.h */ = {isa = PBXFileReference; fileEncoding = 4; lastKnownFileType = sourcecode.c.h; path = _CDContactListItem.h; sourceTree = "<group>"; };
		554A28331A0CE38600C4E03C /* _CDContactListItem.m */ = {isa = PBXFileReference; fileEncoding = 4; lastKnownFileType = sourcecode.c.objc; path = _CDContactListItem.m; sourceTree = "<group>"; };
		5590F2AD1A0B8D4000C5044F /* QMContactListCache.h */ = {isa = PBXFileReference; lastKnownFileType = sourcecode.c.h; lineEnding = 0; path = QMContactListCache.h; sourceTree = "<group>"; };
		5590F2AF1A0B8D4000C5044F /* QMContactListCache.m */ = {isa = PBXFileReference; lastKnownFileType = sourcecode.c.objc; lineEnding = 0; path = QMContactListCache.m; sourceTree = "<group>"; };
		55B2201E1A2C0C9E00668086 /* libQMContactListCache.a */ = {isa = PBXFileReference; explicitFileType = archive.ar; includeInIndex = 0; path = libQMContactListCache.a; sourceTree = BUILT_PRODUCTS_DIR; };
		58BBF3D31CBFAC0E00ECC291 /* QMContactListCacheModel.bundle */ = {isa = PBXFileReference; explicitFileType = wrapper.cfbundle; includeInIndex = 0; path = QMContactListCacheModel.bundle; sourceTree = BUILT_PRODUCTS_DIR; };
		58BBF3D81CBFAF3F00ECC291 /* QMContactListCacheModel.bundle */ = {isa = PBXFileReference; lastKnownFileType = "wrapper.plug-in"; path = QMContactListCacheModel.bundle; sourceTree = SOURCE_ROOT; };
		8620BC571B0F7B1E005ED359 /* Quickblox.xcconfig */ = {isa = PBXFileReference; fileEncoding = 4; lastKnownFileType = text.xcconfig; lineEnding = 0; name = Quickblox.xcconfig; path = ../Quickblox.xcconfig; sourceTree = "<group>"; };
		FB5D70811EF16F4C00E50084 /* QMContactListModelIncludes.h */ = {isa = PBXFileReference; fileEncoding = 4; lastKnownFileType = sourcecode.c.h; path = QMContactListModelIncludes.h; sourceTree = "<group>"; };
		FB805A4D1F052C00000B3E9F /* QMContactListCache-Prefix.pch */ = {isa = PBXFileReference; fileEncoding = 4; lastKnownFileType = sourcecode.c.h; path = "QMContactListCache-Prefix.pch"; sourceTree = "<group>"; };
/* End PBXFileReference section */

/* Begin PBXFrameworksBuildPhase section */
		554A281E1A0CE22200C4E03C /* Frameworks */ = {
			isa = PBXFrameworksBuildPhase;
			buildActionMask = 2147483647;
			files = (
			);
			runOnlyForDeploymentPostprocessing = 0;
		};
		5590F2A71A0B8D4000C5044F /* Frameworks */ = {
			isa = PBXFrameworksBuildPhase;
			buildActionMask = 2147483647;
			files = (
			);
			runOnlyForDeploymentPostprocessing = 0;
		};
/* End PBXFrameworksBuildPhase section */

/* Begin PBXGroup section */
		55013B211A1F81530030C134 /* QMContactListCacheModel */ = {
			isa = PBXGroup;
			children = (
				55013B221A1F81530030C134 /* Info.plist */,
			);
			path = QMContactListCacheModel;
			sourceTree = "<group>";
		};
		554A280E1A0CE1A900C4E03C /* CoreData */ = {
			isa = PBXGroup;
			children = (
				FB5D70811EF16F4C00E50084 /* QMContactListModelIncludes.h */,
				554A280F1A0CE1A900C4E03C /* QMContactListModel.xcdatamodeld */,
				554A282C1A0CE38600C4E03C /* Entries */,
				554A28311A0CE38600C4E03C /* EntriesMachine */,
			);
			path = CoreData;
			sourceTree = "<group>";
		};
		554A282C1A0CE38600C4E03C /* Entries */ = {
			isa = PBXGroup;
			children = (
				554A282D1A0CE38600C4E03C /* CDContactListItem.h */,
				554A282E1A0CE38600C4E03C /* CDContactListItem.m */,
			);
			path = Entries;
			sourceTree = "<group>";
		};
		554A28311A0CE38600C4E03C /* EntriesMachine */ = {
			isa = PBXGroup;
			children = (
				554A28321A0CE38600C4E03C /* _CDContactListItem.h */,
				554A28331A0CE38600C4E03C /* _CDContactListItem.m */,
			);
			path = EntriesMachine;
			sourceTree = "<group>";
		};
		5590F29C1A0B8D2900C5044F = {
			isa = PBXGroup;
			children = (
				FB805A4D1F052C00000B3E9F /* QMContactListCache-Prefix.pch */,
				8620BC571B0F7B1E005ED359 /* Quickblox.xcconfig */,
				5590F2AC1A0B8D4000C5044F /* QMContactListCache */,
				55013B211A1F81530030C134 /* QMContactListCacheModel */,
				55B2201E1A2C0C9E00668086 /* libQMContactListCache.a */,
				58BBF3D31CBFAC0E00ECC291 /* QMContactListCacheModel.bundle */,
			);
			sourceTree = "<group>";
		};
		5590F2AC1A0B8D4000C5044F /* QMContactListCache */ = {
			isa = PBXGroup;
			children = (
				58BBF3D81CBFAF3F00ECC291 /* QMContactListCacheModel.bundle */,
				5590F2AD1A0B8D4000C5044F /* QMContactListCache.h */,
				5590F2AF1A0B8D4000C5044F /* QMContactListCache.m */,
				554A280E1A0CE1A900C4E03C /* CoreData */,
			);
			path = QMContactListCache;
			sourceTree = "<group>";
		};
/* End PBXGroup section */

/* Begin PBXNativeTarget section */
		554A28201A0CE22200C4E03C /* QMContactListCacheModel */ = {
			isa = PBXNativeTarget;
			buildConfigurationList = 554A28251A0CE22200C4E03C /* Build configuration list for PBXNativeTarget "QMContactListCacheModel" */;
			buildPhases = (
				554A281D1A0CE22200C4E03C /* Sources */,
				554A281E1A0CE22200C4E03C /* Frameworks */,
				554A281F1A0CE22200C4E03C /* Resources */,
				865A68921B1F3520003AC969 /* ShellScript */,
			);
			buildRules = (
			);
			dependencies = (
				865A687B1B1F2795003AC969 /* PBXTargetDependency */,
			);
			name = QMContactListCacheModel;
			productName = QMCotactListCacheModel;
			productReference = 58BBF3D31CBFAC0E00ECC291 /* QMContactListCacheModel.bundle */;
			productType = "com.apple.product-type.bundle";
		};
		5590F2A91A0B8D4000C5044F /* QMContactListCache */ = {
			isa = PBXNativeTarget;
			buildConfigurationList = 5590F2BC1A0B8D4000C5044F /* Build configuration list for PBXNativeTarget "QMContactListCache" */;
			buildPhases = (
				5590F2A61A0B8D4000C5044F /* Sources */,
				5590F2A71A0B8D4000C5044F /* Frameworks */,
			);
			buildRules = (
				55A620CC1A0BBCBD001BA470 /* PBXBuildRule */,
				55A620CB1A0BBCB3001BA470 /* PBXBuildRule */,
			);
			dependencies = (
				FB5D70A21EF18AB600E50084 /* PBXTargetDependency */,
			);
			name = QMContactListCache;
			productName = QMContactListCache;
			productReference = 55B2201E1A2C0C9E00668086 /* libQMContactListCache.a */;
			productType = "com.apple.product-type.library.static";
		};
/* End PBXNativeTarget section */

/* Begin PBXProject section */
		5590F29D1A0B8D2900C5044F /* Project object */ = {
			isa = PBXProject;
			attributes = {
				LastUpgradeCheck = 0900;
				ORGANIZATIONNAME = Quickblox;
				TargetAttributes = {
					1402B64D1B1384430069E3A4 = {
						CreatedOnToolsVersion = 6.3.2;
					};
					554A28201A0CE22200C4E03C = {
						CreatedOnToolsVersion = 6.1;
					};
					5590F2A91A0B8D4000C5044F = {
						CreatedOnToolsVersion = 6.1;
					};
				};
			};
			buildConfigurationList = 5590F2A01A0B8D2900C5044F /* Build configuration list for PBXProject "QMContactListCache" */;
			compatibilityVersion = "Xcode 3.2";
			developmentRegion = English;
			hasScannedForEncodings = 0;
			knownRegions = (
				en,
			);
			mainGroup = 5590F29C1A0B8D2900C5044F;
			productRefGroup = 5590F29C1A0B8D2900C5044F;
			projectDirPath = "";
			projectRoot = "";
			targets = (
				5590F2A91A0B8D4000C5044F /* QMContactListCache */,
				554A28201A0CE22200C4E03C /* QMContactListCacheModel */,
				1402B64D1B1384430069E3A4 /* QMChatContactListCacheMogenerator */,
			);
		};
/* End PBXProject section */

/* Begin PBXResourcesBuildPhase section */
		554A281F1A0CE22200C4E03C /* Resources */ = {
			isa = PBXResourcesBuildPhase;
			buildActionMask = 2147483647;
			files = (
			);
			runOnlyForDeploymentPostprocessing = 0;
		};
/* End PBXResourcesBuildPhase section */

/* Begin PBXShellScriptBuildPhase section */
		1402B6551B13844B0069E3A4 /* ShellScript */ = {
			isa = PBXShellScriptBuildPhase;
			buildActionMask = 2147483647;
			files = (
			);
			inputPaths = (
			);
			outputPaths = (
			);
			runOnlyForDeploymentPostprocessing = 0;
			shellPath = "/bin/sh  ../Scripts/mogenerator.sh QMContactListModel";
			shellScript = "";
		};
		865A68921B1F3520003AC969 /* ShellScript */ = {
			isa = PBXShellScriptBuildPhase;
			buildActionMask = 2147483647;
			files = (
			);
			inputPaths = (
			);
			outputPaths = (
			);
			runOnlyForDeploymentPostprocessing = 0;
			shellPath = "/bin/sh ../Scripts/copy_bundle.sh";
			shellScript = "";
			showEnvVarsInLog = 0;
		};
/* End PBXShellScriptBuildPhase section */

/* Begin PBXSourcesBuildPhase section */
		554A281D1A0CE22200C4E03C /* Sources */ = {
			isa = PBXSourcesBuildPhase;
			buildActionMask = 2147483647;
			files = (
				554A28291A0CE28300C4E03C /* QMContactListModel.xcdatamodeld in Sources */,
			);
			runOnlyForDeploymentPostprocessing = 0;
		};
		5590F2A61A0B8D4000C5044F /* Sources */ = {
			isa = PBXSourcesBuildPhase;
			buildActionMask = 2147483647;
			files = (
				554A28371A0CE38600C4E03C /* CDContactListItem.m in Sources */,
				554A28391A0CE38600C4E03C /* _CDContactListItem.m in Sources */,
				554A28111A0CE1A900C4E03C /* QMContactListModel.xcdatamodeld in Sources */,
				5590F2B01A0B8D4000C5044F /* QMContactListCache.m in Sources */,
			);
			runOnlyForDeploymentPostprocessing = 0;
		};
/* End PBXSourcesBuildPhase section */

/* Begin PBXTargetDependency section */
		865A687B1B1F2795003AC969 /* PBXTargetDependency */ = {
			isa = PBXTargetDependency;
			target = 1402B64D1B1384430069E3A4 /* QMChatContactListCacheMogenerator */;
			targetProxy = 865A687A1B1F2795003AC969 /* PBXContainerItemProxy */;
		};
		FB5D70A21EF18AB600E50084 /* PBXTargetDependency */ = {
			isa = PBXTargetDependency;
			target = 554A28201A0CE22200C4E03C /* QMContactListCacheModel */;
			targetProxy = FB5D70A11EF18AB600E50084 /* PBXContainerItemProxy */;
		};
/* End PBXTargetDependency section */

/* Begin XCBuildConfiguration section */
		1402B64E1B1384430069E3A4 /* Debug */ = {
			isa = XCBuildConfiguration;
			buildSettings = {
				PRODUCT_NAME = "$(TARGET_NAME)";
			};
			name = Debug;
		};
		1402B64F1B1384430069E3A4 /* Release */ = {
			isa = XCBuildConfiguration;
			buildSettings = {
				PRODUCT_NAME = "$(TARGET_NAME)";
			};
			name = Release;
		};
		554A28261A0CE22200C4E03C /* Debug */ = {
			isa = XCBuildConfiguration;
			baseConfigurationReference = 8620BC571B0F7B1E005ED359 /* Quickblox.xcconfig */;
			buildSettings = {
				ALWAYS_SEARCH_USER_PATHS = NO;
				CLANG_CXX_LANGUAGE_STANDARD = "gnu++0x";
				CLANG_CXX_LIBRARY = "libc++";
				CLANG_ENABLE_MODULES = YES;
				CLANG_ENABLE_OBJC_ARC = YES;
				CLANG_WARN_BOOL_CONVERSION = YES;
				CLANG_WARN_CONSTANT_CONVERSION = YES;
				CLANG_WARN_DIRECT_OBJC_ISA_USAGE = YES_ERROR;
				CLANG_WARN_EMPTY_BODY = YES;
				CLANG_WARN_ENUM_CONVERSION = YES;
				CLANG_WARN_INT_CONVERSION = YES;
				CLANG_WARN_OBJC_ROOT_CLASS = YES_ERROR;
				CLANG_WARN_UNREACHABLE_CODE = YES;
				CLANG_WARN__DUPLICATE_METHOD_MATCH = YES;
				COMBINE_HIDPI_IMAGES = YES;
				COPY_PHASE_STRIP = NO;
				ENABLE_STRICT_OBJC_MSGSEND = YES;
				GCC_C_LANGUAGE_STANDARD = gnu99;
				GCC_DYNAMIC_NO_PIC = NO;
				GCC_OPTIMIZATION_LEVEL = 0;
				GCC_PREPROCESSOR_DEFINITIONS = (
					"DEBUG=1",
					"$(inherited)",
				);
				GCC_SYMBOLS_PRIVATE_EXTERN = NO;
				GCC_WARN_64_TO_32_BIT_CONVERSION = YES;
				GCC_WARN_ABOUT_RETURN_TYPE = YES_ERROR;
				GCC_WARN_UNDECLARED_SELECTOR = YES;
				GCC_WARN_UNINITIALIZED_AUTOS = YES_AGGRESSIVE;
				GCC_WARN_UNUSED_FUNCTION = YES;
				GCC_WARN_UNUSED_VARIABLE = YES;
				HEADER_SEARCH_PATHS = "$(inherited)";
				INFOPLIST_FILE = QMContactListCacheModel/Info.plist;
				INSTALL_PATH = "$(LOCAL_LIBRARY_DIR)/Bundles";
				MTL_ENABLE_DEBUG_INFO = YES;
				ONLY_ACTIVE_ARCH = YES;
				PRODUCT_BUNDLE_IDENTIFIER = "quickblox.$(PRODUCT_NAME:rfc1034identifier)";
				PRODUCT_NAME = "$(TARGET_NAME)";
				SDKROOT = iphoneos;
				SKIP_INSTALL = YES;
				WRAPPER_EXTENSION = bundle;
			};
			name = Debug;
		};
		554A28271A0CE22200C4E03C /* Release */ = {
			isa = XCBuildConfiguration;
			baseConfigurationReference = 8620BC571B0F7B1E005ED359 /* Quickblox.xcconfig */;
			buildSettings = {
				ALWAYS_SEARCH_USER_PATHS = NO;
				CLANG_CXX_LANGUAGE_STANDARD = "gnu++0x";
				CLANG_CXX_LIBRARY = "libc++";
				CLANG_ENABLE_MODULES = YES;
				CLANG_ENABLE_OBJC_ARC = YES;
				CLANG_WARN_BOOL_CONVERSION = YES;
				CLANG_WARN_CONSTANT_CONVERSION = YES;
				CLANG_WARN_DIRECT_OBJC_ISA_USAGE = YES_ERROR;
				CLANG_WARN_EMPTY_BODY = YES;
				CLANG_WARN_ENUM_CONVERSION = YES;
				CLANG_WARN_INT_CONVERSION = YES;
				CLANG_WARN_OBJC_ROOT_CLASS = YES_ERROR;
				CLANG_WARN_UNREACHABLE_CODE = YES;
				CLANG_WARN__DUPLICATE_METHOD_MATCH = YES;
				COMBINE_HIDPI_IMAGES = YES;
				COPY_PHASE_STRIP = YES;
				DEBUG_INFORMATION_FORMAT = "dwarf-with-dsym";
				ENABLE_NS_ASSERTIONS = NO;
				ENABLE_STRICT_OBJC_MSGSEND = YES;
				GCC_C_LANGUAGE_STANDARD = gnu99;
				GCC_WARN_64_TO_32_BIT_CONVERSION = YES;
				GCC_WARN_ABOUT_RETURN_TYPE = YES_ERROR;
				GCC_WARN_UNDECLARED_SELECTOR = YES;
				GCC_WARN_UNINITIALIZED_AUTOS = YES_AGGRESSIVE;
				GCC_WARN_UNUSED_FUNCTION = YES;
				GCC_WARN_UNUSED_VARIABLE = YES;
				HEADER_SEARCH_PATHS = "$(inherited)";
				INFOPLIST_FILE = QMContactListCacheModel/Info.plist;
				INSTALL_PATH = "$(LOCAL_LIBRARY_DIR)/Bundles";
				MTL_ENABLE_DEBUG_INFO = NO;
				PRODUCT_BUNDLE_IDENTIFIER = "quickblox.$(PRODUCT_NAME:rfc1034identifier)";
				PRODUCT_NAME = "$(TARGET_NAME)";
				SDKROOT = iphoneos;
				SKIP_INSTALL = YES;
				WRAPPER_EXTENSION = bundle;
			};
			name = Release;
		};
		5590F2A11A0B8D2900C5044F /* Debug */ = {
			isa = XCBuildConfiguration;
			baseConfigurationReference = 8620BC571B0F7B1E005ED359 /* Quickblox.xcconfig */;
			buildSettings = {
				CLANG_WARN_BLOCK_CAPTURE_AUTORELEASING = YES;
				CLANG_WARN_BOOL_CONVERSION = YES;
				CLANG_WARN_COMMA = YES;
				CLANG_WARN_CONSTANT_CONVERSION = YES;
				CLANG_WARN_EMPTY_BODY = YES;
				CLANG_WARN_ENUM_CONVERSION = YES;
				CLANG_WARN_INFINITE_RECURSION = YES;
				CLANG_WARN_INT_CONVERSION = YES;
				CLANG_WARN_NON_LITERAL_NULL_CONVERSION = YES;
				CLANG_WARN_OBJC_LITERAL_CONVERSION = YES;
				CLANG_WARN_RANGE_LOOP_ANALYSIS = YES;
				CLANG_WARN_STRICT_PROTOTYPES = YES;
				CLANG_WARN_SUSPICIOUS_MOVE = YES;
				CLANG_WARN_UNREACHABLE_CODE = YES;
				CLANG_WARN__DUPLICATE_METHOD_MATCH = YES;
				ENABLE_STRICT_OBJC_MSGSEND = YES;
				ENABLE_TESTABILITY = YES;
				GCC_NO_COMMON_BLOCKS = YES;
				GCC_WARN_64_TO_32_BIT_CONVERSION = YES;
				GCC_WARN_ABOUT_RETURN_TYPE = YES;
				GCC_WARN_UNDECLARED_SELECTOR = YES;
				GCC_WARN_UNINITIALIZED_AUTOS = YES;
				GCC_WARN_UNUSED_FUNCTION = YES;
				GCC_WARN_UNUSED_VARIABLE = YES;
				ONLY_ACTIVE_ARCH = YES;
			};
			name = Debug;
		};
		5590F2A21A0B8D2900C5044F /* Release */ = {
			isa = XCBuildConfiguration;
			baseConfigurationReference = 8620BC571B0F7B1E005ED359 /* Quickblox.xcconfig */;
			buildSettings = {
				CLANG_WARN_BLOCK_CAPTURE_AUTORELEASING = YES;
				CLANG_WARN_BOOL_CONVERSION = YES;
				CLANG_WARN_COMMA = YES;
				CLANG_WARN_CONSTANT_CONVERSION = YES;
				CLANG_WARN_EMPTY_BODY = YES;
				CLANG_WARN_ENUM_CONVERSION = YES;
				CLANG_WARN_INFINITE_RECURSION = YES;
				CLANG_WARN_INT_CONVERSION = YES;
				CLANG_WARN_NON_LITERAL_NULL_CONVERSION = YES;
				CLANG_WARN_OBJC_LITERAL_CONVERSION = YES;
				CLANG_WARN_RANGE_LOOP_ANALYSIS = YES;
				CLANG_WARN_STRICT_PROTOTYPES = YES;
				CLANG_WARN_SUSPICIOUS_MOVE = YES;
				CLANG_WARN_UNREACHABLE_CODE = YES;
				CLANG_WARN__DUPLICATE_METHOD_MATCH = YES;
				ENABLE_STRICT_OBJC_MSGSEND = YES;
				GCC_NO_COMMON_BLOCKS = YES;
				GCC_WARN_64_TO_32_BIT_CONVERSION = YES;
				GCC_WARN_ABOUT_RETURN_TYPE = YES;
				GCC_WARN_UNDECLARED_SELECTOR = YES;
				GCC_WARN_UNINITIALIZED_AUTOS = YES;
				GCC_WARN_UNUSED_FUNCTION = YES;
				GCC_WARN_UNUSED_VARIABLE = YES;
			};
			name = Release;
		};
		5590F2BD1A0B8D4000C5044F /* Debug */ = {
			isa = XCBuildConfiguration;
			baseConfigurationReference = 8620BC571B0F7B1E005ED359 /* Quickblox.xcconfig */;
			buildSettings = {
				ALWAYS_SEARCH_USER_PATHS = NO;
				CLANG_CXX_LANGUAGE_STANDARD = "gnu++0x";
				CLANG_CXX_LIBRARY = "libc++";
				CLANG_ENABLE_MODULES = YES;
				CLANG_ENABLE_OBJC_ARC = YES;
				CLANG_WARN_BOOL_CONVERSION = YES;
				CLANG_WARN_CONSTANT_CONVERSION = YES;
				CLANG_WARN_DIRECT_OBJC_ISA_USAGE = YES_ERROR;
				CLANG_WARN_EMPTY_BODY = YES;
				CLANG_WARN_ENUM_CONVERSION = YES;
				CLANG_WARN_INT_CONVERSION = YES;
				CLANG_WARN_OBJC_ROOT_CLASS = YES_ERROR;
				CLANG_WARN_UNREACHABLE_CODE = YES;
				CLANG_WARN__DUPLICATE_METHOD_MATCH = YES;
				COPY_PHASE_STRIP = NO;
				ENABLE_STRICT_OBJC_MSGSEND = YES;
				FRAMEWORK_SEARCH_PATHS = (
					"$(inherited)",
					"../Frameworks/**",
				);
				GCC_C_LANGUAGE_STANDARD = gnu99;
				GCC_DYNAMIC_NO_PIC = NO;
				GCC_OPTIMIZATION_LEVEL = 0;
				GCC_PRECOMPILE_PREFIX_HEADER = YES;
				GCC_PREFIX_HEADER = "QMContactListCache-Prefix.pch";
				GCC_PREPROCESSOR_DEFINITIONS = (
					"DEBUG=1",
					"$(inherited)",
				);
				GCC_SYMBOLS_PRIVATE_EXTERN = NO;
				GCC_WARN_64_TO_32_BIT_CONVERSION = YES;
				GCC_WARN_ABOUT_RETURN_TYPE = YES_ERROR;
				GCC_WARN_UNDECLARED_SELECTOR = YES;
				GCC_WARN_UNINITIALIZED_AUTOS = YES_AGGRESSIVE;
				GCC_WARN_UNUSED_FUNCTION = YES;
				GCC_WARN_UNUSED_VARIABLE = YES;
				HEADER_SEARCH_PATHS = (
					"$(inherited)",
					/usr/include/libxml2,
					"$(SRCROOT)/../**",
				);
				IPHONEOS_DEPLOYMENT_TARGET = 8.1;
				MTL_ENABLE_DEBUG_INFO = YES;
				ONLY_ACTIVE_ARCH = YES;
				OTHER_LDFLAGS = "-ObjC";
				PRODUCT_NAME = "$(TARGET_NAME)";
				SDKROOT = iphoneos;
				SKIP_INSTALL = YES;
				VALID_ARCHS = "armv7 arm64";
			};
			name = Debug;
		};
		5590F2BE1A0B8D4000C5044F /* Release */ = {
			isa = XCBuildConfiguration;
			baseConfigurationReference = 8620BC571B0F7B1E005ED359 /* Quickblox.xcconfig */;
			buildSettings = {
				ALWAYS_SEARCH_USER_PATHS = NO;
				CLANG_CXX_LANGUAGE_STANDARD = "gnu++0x";
				CLANG_CXX_LIBRARY = "libc++";
				CLANG_ENABLE_MODULES = YES;
				CLANG_ENABLE_OBJC_ARC = YES;
				CLANG_WARN_BOOL_CONVERSION = YES;
				CLANG_WARN_CONSTANT_CONVERSION = YES;
				CLANG_WARN_DIRECT_OBJC_ISA_USAGE = YES_ERROR;
				CLANG_WARN_EMPTY_BODY = YES;
				CLANG_WARN_ENUM_CONVERSION = YES;
				CLANG_WARN_INT_CONVERSION = YES;
				CLANG_WARN_OBJC_ROOT_CLASS = YES_ERROR;
				CLANG_WARN_UNREACHABLE_CODE = YES;
				CLANG_WARN__DUPLICATE_METHOD_MATCH = YES;
				COPY_PHASE_STRIP = YES;
				ENABLE_NS_ASSERTIONS = NO;
				ENABLE_STRICT_OBJC_MSGSEND = YES;
				FRAMEWORK_SEARCH_PATHS = (
					"$(inherited)",
					"../Frameworks/**",
				);
				GCC_C_LANGUAGE_STANDARD = gnu99;
				GCC_PRECOMPILE_PREFIX_HEADER = YES;
				GCC_PREFIX_HEADER = "QMContactListCache-Prefix.pch";
				GCC_WARN_64_TO_32_BIT_CONVERSION = YES;
				GCC_WARN_ABOUT_RETURN_TYPE = YES_ERROR;
				GCC_WARN_UNDECLARED_SELECTOR = YES;
				GCC_WARN_UNINITIALIZED_AUTOS = YES_AGGRESSIVE;
				GCC_WARN_UNUSED_FUNCTION = YES;
				GCC_WARN_UNUSED_VARIABLE = YES;
				HEADER_SEARCH_PATHS = (
					"$(inherited)",
					/usr/include/libxml2,
					"$(SRCROOT)/../**",
				);
				IPHONEOS_DEPLOYMENT_TARGET = 8.1;
				MTL_ENABLE_DEBUG_INFO = NO;
				OTHER_LDFLAGS = "-ObjC";
				PRODUCT_NAME = "$(TARGET_NAME)";
				SDKROOT = iphoneos;
				SKIP_INSTALL = YES;
				VALIDATE_PRODUCT = YES;
				VALID_ARCHS = "armv7 arm64";
			};
			name = Release;
		};
/* End XCBuildConfiguration section */

/* Begin XCConfigurationList section */
		1402B6501B1384430069E3A4 /* Build configuration list for PBXAggregateTarget "QMChatContactListCacheMogenerator" */ = {
			isa = XCConfigurationList;
			buildConfigurations = (
				1402B64E1B1384430069E3A4 /* Debug */,
				1402B64F1B1384430069E3A4 /* Release */,
			);
			defaultConfigurationIsVisible = 0;
			defaultConfigurationName = Release;
		};
		554A28251A0CE22200C4E03C /* Build configuration list for PBXNativeTarget "QMContactListCacheModel" */ = {
			isa = XCConfigurationList;
			buildConfigurations = (
				554A28261A0CE22200C4E03C /* Debug */,
				554A28271A0CE22200C4E03C /* Release */,
			);
			defaultConfigurationIsVisible = 0;
			defaultConfigurationName = Release;
		};
		5590F2A01A0B8D2900C5044F /* Build configuration list for PBXProject "QMContactListCache" */ = {
			isa = XCConfigurationList;
			buildConfigurations = (
				5590F2A11A0B8D2900C5044F /* Debug */,
				5590F2A21A0B8D2900C5044F /* Release */,
			);
			defaultConfigurationIsVisible = 0;
			defaultConfigurationName = Release;
		};
		5590F2BC1A0B8D4000C5044F /* Build configuration list for PBXNativeTarget "QMContactListCache" */ = {
			isa = XCConfigurationList;
			buildConfigurations = (
				5590F2BD1A0B8D4000C5044F /* Debug */,
				5590F2BE1A0B8D4000C5044F /* Release */,
			);
			defaultConfigurationIsVisible = 0;
			defaultConfigurationName = Release;
		};
/* End XCConfigurationList section */

/* Begin XCVersionGroup section */
		554A280F1A0CE1A900C4E03C /* QMContactListModel.xcdatamodeld */ = {
			isa = XCVersionGroup;
			children = (
				554A28101A0CE1A900C4E03C /* QMModel.xcdatamodel */,
			);
			currentVersion = 554A28101A0CE1A900C4E03C /* QMModel.xcdatamodel */;
			path = QMContactListModel.xcdatamodeld;
			sourceTree = "<group>";
			versionGroupType = wrapper.xcdatamodel;
		};
/* End XCVersionGroup section */
	};
	rootObject = 5590F29D1A0B8D2900C5044F /* Project object */;
}
