// !$*UTF8*$!
{
	archiveVersion = 1;
	classes = {
	};
	objectVersion = 46;
	objects = {

/* Begin PBXAggregateTarget section */
		554A28001A0CDF2500C4E03C /* ContactListCache */ = {
			isa = PBXAggregateTarget;
			buildConfigurationList = 554A28011A0CDF2500C4E03C /* Build configuration list for PBXAggregateTarget "ContactListCache" */;
			buildPhases = (
			);
			dependencies = (
				554A28051A0CDF3900C4E03C /* PBXTargetDependency */,
				554A28071A0CDF4800C4E03C /* PBXTargetDependency */,
			);
			name = ContactListCache;
			productName = ContactListCache;
		};
		5590F2551A0B87DC00C5044F /* DBStorage */ = {
			isa = PBXAggregateTarget;
			buildConfigurationList = 5590F2561A0B87DC00C5044F /* Build configuration list for PBXAggregateTarget "DBStorage" */;
			buildPhases = (
			);
			dependencies = (
				5590F29B1A0B8CE900C5044F /* PBXTargetDependency */,
			);
			name = DBStorage;
			productName = QMDBStorage;
		};
		5590F2921A0B8CB300C5044F /* ChatCache */ = {
			isa = PBXAggregateTarget;
			buildConfigurationList = 5590F2931A0B8CB300C5044F /* Build configuration list for PBXAggregateTarget "ChatCache" */;
			buildPhases = (
			);
			dependencies = (
				5590F2971A0B8CC100C5044F /* PBXTargetDependency */,
				5590F2991A0B8CD400C5044F /* PBXTargetDependency */,
			);
			name = ChatCache;
			productName = QMChatCache;
		};
		55B2F0551A091A85008C2272 /* AllServices */ = {
			isa = PBXAggregateTarget;
			buildConfigurationList = 55B2F0561A091A85008C2272 /* Build configuration list for PBXAggregateTarget "AllServices" */;
			buildPhases = (
				55B2F1851A093429008C2272 /* CopyFiles */,
			);
			dependencies = (
				55A621241A0BE5E4001BA470 /* PBXTargetDependency */,
				5590F2EC1A0BA13B00C5044F /* PBXTargetDependency */,
				55F41EAA1A0A7094008D1C68 /* PBXTargetDependency */,
				55F41EB91A0A7140008D1C68 /* PBXTargetDependency */,
				5590F2EE1A0BA13F00C5044F /* PBXTargetDependency */,
				55A620C81A0BB288001BA470 /* PBXTargetDependency */,
				554A28091A0CDF5000C4E03C /* PBXTargetDependency */,
			);
			name = AllServices;
			productName = QMServices;
		};
		55F41E7D1A0A6CD9008D1C68 /* AuthService */ = {
			isa = PBXAggregateTarget;
			buildConfigurationList = 55F41E7E1A0A6CD9008D1C68 /* Build configuration list for PBXAggregateTarget "AuthService" */;
			buildPhases = (
			);
			dependencies = (
				55F41E941A0A6E1E008D1C68 /* PBXTargetDependency */,
				55F41E861A0A6CFB008D1C68 /* PBXTargetDependency */,
			);
			name = AuthService;
			productName = AuthService;
		};
		55F41E8D1A0A6E0C008D1C68 /* BaseService */ = {
			isa = PBXAggregateTarget;
			buildConfigurationList = 55F41E8E1A0A6E0C008D1C68 /* Build configuration list for PBXAggregateTarget "BaseService" */;
			buildPhases = (
			);
			dependencies = (
				5590F2EA1A0BA12700C5044F /* PBXTargetDependency */,
			);
			name = BaseService;
			productName = BaseService;
		};
		55F41E9F1A0A7045008D1C68 /* ChatService */ = {
			isa = PBXAggregateTarget;
			buildConfigurationList = 55F41EA01A0A7045008D1C68 /* Build configuration list for PBXAggregateTarget "ChatService" */;
			buildPhases = (
			);
			dependencies = (
				55F41EA61A0A7072008D1C68 /* PBXTargetDependency */,
				55F41EA81A0A7078008D1C68 /* PBXTargetDependency */,
			);
			name = ChatService;
			productName = ChatService;
		};
		55F41EB01A0A7124008D1C68 /* ContactListService */ = {
			isa = PBXAggregateTarget;
			buildConfigurationList = 55F41EB11A0A7124008D1C68 /* Build configuration list for PBXAggregateTarget "ContactListService" */;
			buildPhases = (
			);
			dependencies = (
				55F41EB51A0A7132008D1C68 /* PBXTargetDependency */,
				55F41EB71A0A7132008D1C68 /* PBXTargetDependency */,
			);
			name = ContactListService;
			productName = ContactListService;
		};
/* End PBXAggregateTarget section */

/* Begin PBXContainerItemProxy section */
		554A28041A0CDF3900C4E03C /* PBXContainerItemProxy */ = {
			isa = PBXContainerItemProxy;
			containerPortal = 55C276A91A09162F005A0C38 /* Project object */;
			proxyType = 1;
			remoteGlobalIDString = 5590F2551A0B87DC00C5044F;
			remoteInfo = DBStorage;
		};
		554A28061A0CDF4800C4E03C /* PBXContainerItemProxy */ = {
			isa = PBXContainerItemProxy;
			containerPortal = 5590F2A31A0B8D2900C5044F /* QMContactListCache.xcodeproj */;
			proxyType = 1;
			remoteGlobalIDString = 5590F2A91A0B8D4000C5044F;
			remoteInfo = QMContactListCache;
		};
		554A28081A0CDF5000C4E03C /* PBXContainerItemProxy */ = {
			isa = PBXContainerItemProxy;
			containerPortal = 55C276A91A09162F005A0C38 /* Project object */;
			proxyType = 1;
			remoteGlobalIDString = 554A28001A0CDF2500C4E03C;
			remoteInfo = ContactListCache;
		};
		554A28721A0CEC4A00C4E03C /* PBXContainerItemProxy */ = {
			isa = PBXContainerItemProxy;
			containerPortal = 5590F2A31A0B8D2900C5044F /* QMContactListCache.xcodeproj */;
			proxyType = 2;
			remoteGlobalIDString = 554A28211A0CE22200C4E03C;
			remoteInfo = QMCotactListCacheModel;
		};
		554A28891A0CF04200C4E03C /* PBXContainerItemProxy */ = {
			isa = PBXContainerItemProxy;
			containerPortal = 5590F26B1A0B8C0500C5044F /* QMChatCache.xcodeproj */;
			proxyType = 2;
			remoteGlobalIDString = 554A287A1A0CECA000C4E03C;
			remoteInfo = QMChatCacheModel;
		};
		5590F2511A0B87B900C5044F /* PBXContainerItemProxy */ = {
			isa = PBXContainerItemProxy;
			containerPortal = 5590F22C1A0B876F00C5044F /* QMDBStorage.xcodeproj */;
			proxyType = 2;
			remoteGlobalIDString = 5590F2371A0B87AB00C5044F;
			remoteInfo = QMDBStorage;
		};
		5590F2531A0B87B900C5044F /* PBXContainerItemProxy */ = {
			isa = PBXContainerItemProxy;
			containerPortal = 5590F22C1A0B876F00C5044F /* QMDBStorage.xcodeproj */;
			proxyType = 2;
			remoteGlobalIDString = 5590F2421A0B87AB00C5044F;
			remoteInfo = QMDBStorageTests;
		};
		5590F28D1A0B8C5200C5044F /* PBXContainerItemProxy */ = {
			isa = PBXContainerItemProxy;
			containerPortal = 5590F26B1A0B8C0500C5044F /* QMChatCache.xcodeproj */;
			proxyType = 2;
			remoteGlobalIDString = 5590F2721A0B8C4200C5044F;
			remoteInfo = QMChatCache;
		};
		5590F28F1A0B8C5200C5044F /* PBXContainerItemProxy */ = {
			isa = PBXContainerItemProxy;
			containerPortal = 5590F26B1A0B8C0500C5044F /* QMChatCache.xcodeproj */;
			proxyType = 2;
			remoteGlobalIDString = 5590F27D1A0B8C4200C5044F;
			remoteInfo = QMChatCacheTests;
		};
		5590F2961A0B8CC100C5044F /* PBXContainerItemProxy */ = {
			isa = PBXContainerItemProxy;
			containerPortal = 55C276A91A09162F005A0C38 /* Project object */;
			proxyType = 1;
			remoteGlobalIDString = 5590F2551A0B87DC00C5044F;
			remoteInfo = QMDBStorage;
		};
		5590F2981A0B8CD400C5044F /* PBXContainerItemProxy */ = {
			isa = PBXContainerItemProxy;
			containerPortal = 5590F26B1A0B8C0500C5044F /* QMChatCache.xcodeproj */;
			proxyType = 1;
			remoteGlobalIDString = 5590F2711A0B8C4200C5044F;
			remoteInfo = QMChatCache;
		};
		5590F29A1A0B8CE900C5044F /* PBXContainerItemProxy */ = {
			isa = PBXContainerItemProxy;
			containerPortal = 5590F22C1A0B876F00C5044F /* QMDBStorage.xcodeproj */;
			proxyType = 1;
			remoteGlobalIDString = 5590F2361A0B87AB00C5044F;
			remoteInfo = QMDBStorage;
		};
		5590F2C41A0B8D4600C5044F /* PBXContainerItemProxy */ = {
			isa = PBXContainerItemProxy;
			containerPortal = 5590F2A31A0B8D2900C5044F /* QMContactListCache.xcodeproj */;
			proxyType = 2;
			remoteGlobalIDString = 5590F2AA1A0B8D4000C5044F;
			remoteInfo = QMContactListCache;
		};
		5590F2C61A0B8D4600C5044F /* PBXContainerItemProxy */ = {
			isa = PBXContainerItemProxy;
			containerPortal = 5590F2A31A0B8D2900C5044F /* QMContactListCache.xcodeproj */;
			proxyType = 2;
			remoteGlobalIDString = 5590F2B51A0B8D4000C5044F;
			remoteInfo = QMContactListCacheTests;
		};
		5590F2E51A0BA11900C5044F /* PBXContainerItemProxy */ = {
			isa = PBXContainerItemProxy;
			containerPortal = 5590F2E01A0BA11900C5044F /* QMBaseService.xcodeproj */;
			proxyType = 2;
			remoteGlobalIDString = 55B2F1041A091CC9008C2272;
			remoteInfo = QMBaseService;
		};
		5590F2E71A0BA11900C5044F /* PBXContainerItemProxy */ = {
			isa = PBXContainerItemProxy;
			containerPortal = 5590F2E01A0BA11900C5044F /* QMBaseService.xcodeproj */;
			proxyType = 2;
			remoteGlobalIDString = 55B2F10F1A091CC9008C2272;
			remoteInfo = QMBaseServiceTests;
		};
		5590F2E91A0BA12700C5044F /* PBXContainerItemProxy */ = {
			isa = PBXContainerItemProxy;
			containerPortal = 5590F2E01A0BA11900C5044F /* QMBaseService.xcodeproj */;
			proxyType = 1;
			remoteGlobalIDString = 55B2F1031A091CC9008C2272;
			remoteInfo = QMBaseService;
		};
		5590F2EB1A0BA13B00C5044F /* PBXContainerItemProxy */ = {
			isa = PBXContainerItemProxy;
			containerPortal = 55C276A91A09162F005A0C38 /* Project object */;
			proxyType = 1;
			remoteGlobalIDString = 55F41E7D1A0A6CD9008D1C68;
			remoteInfo = AuthService;
		};
		5590F2ED1A0BA13F00C5044F /* PBXContainerItemProxy */ = {
			isa = PBXContainerItemProxy;
			containerPortal = 55C276A91A09162F005A0C38 /* Project object */;
			proxyType = 1;
			remoteGlobalIDString = 5590F2551A0B87DC00C5044F;
			remoteInfo = QMDBStorage;
		};
		55A620C71A0BB288001BA470 /* PBXContainerItemProxy */ = {
			isa = PBXContainerItemProxy;
			containerPortal = 55C276A91A09162F005A0C38 /* Project object */;
			proxyType = 1;
			remoteGlobalIDString = 5590F2921A0B8CB300C5044F;
			remoteInfo = QMChatCache;
		};
		55A621231A0BE5E4001BA470 /* PBXContainerItemProxy */ = {
			isa = PBXContainerItemProxy;
			containerPortal = 55C276A91A09162F005A0C38 /* Project object */;
			proxyType = 1;
			remoteGlobalIDString = 55F41E8D1A0A6E0C008D1C68;
			remoteInfo = BaseService;
		};
		55B2F0F01A091CBB008C2272 /* PBXContainerItemProxy */ = {
			isa = PBXContainerItemProxy;
			containerPortal = 55C276E51A0917AF005A0C38 /* QMAuthService.xcodeproj */;
			proxyType = 2;
			remoteGlobalIDString = 55B2F0941A091C17008C2272;
			remoteInfo = QMAuthService;
		};
		55B2F0F21A091CBB008C2272 /* PBXContainerItemProxy */ = {
			isa = PBXContainerItemProxy;
			containerPortal = 55C276E51A0917AF005A0C38 /* QMAuthService.xcodeproj */;
			proxyType = 2;
			remoteGlobalIDString = 55B2F09F1A091C17008C2272;
			remoteInfo = QMAuthServiceTests;
		};
		55B2F0F61A091CBB008C2272 /* PBXContainerItemProxy */ = {
			isa = PBXContainerItemProxy;
			containerPortal = 55C276C71A0916BF005A0C38 /* QMChatService.xcodeproj */;
			proxyType = 2;
			remoteGlobalIDString = 55B2F0CC1A091C68008C2272;
			remoteInfo = QMChatService;
		};
		55B2F0F81A091CBB008C2272 /* PBXContainerItemProxy */ = {
			isa = PBXContainerItemProxy;
			containerPortal = 55C276C71A0916BF005A0C38 /* QMChatService.xcodeproj */;
			proxyType = 2;
			remoteGlobalIDString = 55B2F0D71A091C68008C2272;
			remoteInfo = QMChatServiceTests;
		};
		55B2F0FC1A091CBB008C2272 /* PBXContainerItemProxy */ = {
			isa = PBXContainerItemProxy;
			containerPortal = 55C276DB1A091739005A0C38 /* QMContactListService.xcodeproj */;
			proxyType = 2;
			remoteGlobalIDString = 55B2F0B01A091C38008C2272;
			remoteInfo = QMContactListService;
		};
		55B2F0FE1A091CBB008C2272 /* PBXContainerItemProxy */ = {
			isa = PBXContainerItemProxy;
			containerPortal = 55C276DB1A091739005A0C38 /* QMContactListService.xcodeproj */;
			proxyType = 2;
			remoteGlobalIDString = 55B2F0BB1A091C38008C2272;
			remoteInfo = QMContactListServiceTests;
		};
		55F41E851A0A6CFB008D1C68 /* PBXContainerItemProxy */ = {
			isa = PBXContainerItemProxy;
			containerPortal = 55C276E51A0917AF005A0C38 /* QMAuthService.xcodeproj */;
			proxyType = 1;
			remoteGlobalIDString = 55B2F0931A091C17008C2272;
			remoteInfo = QMAuthService;
		};
		55F41E931A0A6E1E008D1C68 /* PBXContainerItemProxy */ = {
			isa = PBXContainerItemProxy;
			containerPortal = 55C276A91A09162F005A0C38 /* Project object */;
			proxyType = 1;
			remoteGlobalIDString = 55F41E8D1A0A6E0C008D1C68;
			remoteInfo = BaseService;
		};
		55F41EA51A0A7072008D1C68 /* PBXContainerItemProxy */ = {
			isa = PBXContainerItemProxy;
			containerPortal = 55C276A91A09162F005A0C38 /* Project object */;
			proxyType = 1;
			remoteGlobalIDString = 55F41E8D1A0A6E0C008D1C68;
			remoteInfo = BaseService;
		};
		55F41EA71A0A7078008D1C68 /* PBXContainerItemProxy */ = {
			isa = PBXContainerItemProxy;
			containerPortal = 55C276C71A0916BF005A0C38 /* QMChatService.xcodeproj */;
			proxyType = 1;
			remoteGlobalIDString = 55B2F0CB1A091C68008C2272;
			remoteInfo = QMChatService;
		};
		55F41EA91A0A7094008D1C68 /* PBXContainerItemProxy */ = {
			isa = PBXContainerItemProxy;
			containerPortal = 55C276A91A09162F005A0C38 /* Project object */;
			proxyType = 1;
			remoteGlobalIDString = 55F41E9F1A0A7045008D1C68;
			remoteInfo = ChatService;
		};
		55F41EB41A0A7132008D1C68 /* PBXContainerItemProxy */ = {
			isa = PBXContainerItemProxy;
			containerPortal = 55C276A91A09162F005A0C38 /* Project object */;
			proxyType = 1;
			remoteGlobalIDString = 55F41E8D1A0A6E0C008D1C68;
			remoteInfo = BaseService;
		};
		55F41EB61A0A7132008D1C68 /* PBXContainerItemProxy */ = {
			isa = PBXContainerItemProxy;
			containerPortal = 55C276DB1A091739005A0C38 /* QMContactListService.xcodeproj */;
			proxyType = 1;
			remoteGlobalIDString = 55B2F0AF1A091C38008C2272;
			remoteInfo = QMContactListService;
		};
		55F41EB81A0A7140008D1C68 /* PBXContainerItemProxy */ = {
			isa = PBXContainerItemProxy;
			containerPortal = 55C276A91A09162F005A0C38 /* Project object */;
			proxyType = 1;
			remoteGlobalIDString = 55F41EB01A0A7124008D1C68;
			remoteInfo = ContactListService;
		};
/* End PBXContainerItemProxy section */

/* Begin PBXCopyFilesBuildPhase section */
		55B2F1851A093429008C2272 /* CopyFiles */ = {
			isa = PBXCopyFilesBuildPhase;
			buildActionMask = 12;
			dstPath = "";
			dstSubfolderSpec = 16;
			files = (
			);
			runOnlyForDeploymentPostprocessing = 0;
		};
/* End PBXCopyFilesBuildPhase section */

/* Begin PBXFileReference section */
		5590F22C1A0B876F00C5044F /* QMDBStorage.xcodeproj */ = {isa = PBXFileReference; lastKnownFileType = "wrapper.pb-project"; name = QMDBStorage.xcodeproj; path = QMDBStorage/QMDBStorage.xcodeproj; sourceTree = "<group>"; };
		5590F26B1A0B8C0500C5044F /* QMChatCache.xcodeproj */ = {isa = PBXFileReference; lastKnownFileType = "wrapper.pb-project"; name = QMChatCache.xcodeproj; path = QMChatCache/QMChatCache.xcodeproj; sourceTree = "<group>"; };
		5590F2A31A0B8D2900C5044F /* QMContactListCache.xcodeproj */ = {isa = PBXFileReference; lastKnownFileType = "wrapper.pb-project"; name = QMContactListCache.xcodeproj; path = QMContactListCache/QMContactListCache.xcodeproj; sourceTree = "<group>"; };
		5590F2E01A0BA11900C5044F /* QMBaseService.xcodeproj */ = {isa = PBXFileReference; lastKnownFileType = "wrapper.pb-project"; name = QMBaseService.xcodeproj; path = QMBaseService/QMBaseService.xcodeproj; sourceTree = "<group>"; };
		55C276C71A0916BF005A0C38 /* QMChatService.xcodeproj */ = {isa = PBXFileReference; lastKnownFileType = "wrapper.pb-project"; name = QMChatService.xcodeproj; path = QMChatService/QMChatService.xcodeproj; sourceTree = "<group>"; };
		55C276DB1A091739005A0C38 /* QMContactListService.xcodeproj */ = {isa = PBXFileReference; lastKnownFileType = "wrapper.pb-project"; name = QMContactListService.xcodeproj; path = QMContactListService/QMContactListService.xcodeproj; sourceTree = "<group>"; };
		55C276E51A0917AF005A0C38 /* QMAuthService.xcodeproj */ = {isa = PBXFileReference; lastKnownFileType = "wrapper.pb-project"; name = QMAuthService.xcodeproj; path = QMAuthService/QMAuthService.xcodeproj; sourceTree = "<group>"; };
/* End PBXFileReference section */

/* Begin PBXGroup section */
		5590F22D1A0B876F00C5044F /* Products */ = {
			isa = PBXGroup;
			children = (
				5590F2521A0B87B900C5044F /* libQMDBStorage.a */,
				5590F2541A0B87B900C5044F /* QMDBStorageTests.xctest */,
			);
			name = Products;
			sourceTree = "<group>";
		};
		5590F26C1A0B8C0500C5044F /* Products */ = {
			isa = PBXGroup;
			children = (
				5590F28E1A0B8C5200C5044F /* libQMChatCache.a */,
				554A288A1A0CF04200C4E03C /* QMChatCacheModel.bundle */,
				5590F2901A0B8C5200C5044F /* QMChatCacheTests.xctest */,
			);
			name = Products;
			sourceTree = "<group>";
		};
		5590F28A1A0B8C5200C5044F /* Services */ = {
			isa = PBXGroup;
			children = (
				5590F2E01A0BA11900C5044F /* QMBaseService.xcodeproj */,
				55C276C71A0916BF005A0C38 /* QMChatService.xcodeproj */,
				55C276E51A0917AF005A0C38 /* QMAuthService.xcodeproj */,
				55C276DB1A091739005A0C38 /* QMContactListService.xcodeproj */,
			);
			name = Services;
			sourceTree = "<group>";
		};
		5590F2911A0B8C7B00C5044F /* Cache */ = {
			isa = PBXGroup;
			children = (
				5590F22C1A0B876F00C5044F /* QMDBStorage.xcodeproj */,
				5590F2A31A0B8D2900C5044F /* QMContactListCache.xcodeproj */,
				5590F26B1A0B8C0500C5044F /* QMChatCache.xcodeproj */,
			);
			name = Cache;
			sourceTree = "<group>";
		};
		5590F2A41A0B8D2900C5044F /* Products */ = {
			isa = PBXGroup;
			children = (
				5590F2C51A0B8D4600C5044F /* libQMContactListCache.a */,
				554A28731A0CEC4A00C4E03C /* QMCotactListCacheModel.bundle */,
				5590F2C71A0B8D4600C5044F /* QMContactListCacheTests.xctest */,
			);
			name = Products;
			sourceTree = "<group>";
		};
		5590F2E11A0BA11900C5044F /* Products */ = {
			isa = PBXGroup;
			children = (
				5590F2E61A0BA11900C5044F /* libQMBaseService.a */,
				5590F2E81A0BA11900C5044F /* QMBaseServiceTests.xctest */,
			);
			name = Products;
			sourceTree = "<group>";
		};
		55C276A81A09162F005A0C38 = {
			isa = PBXGroup;
			children = (
				5590F2911A0B8C7B00C5044F /* Cache */,
				5590F28A1A0B8C5200C5044F /* Services */,
			);
			sourceTree = "<group>";
		};
		55C276C81A0916BF005A0C38 /* Products */ = {
			isa = PBXGroup;
			children = (
				55B2F0F71A091CBB008C2272 /* libQMChatService.a */,
				55B2F0F91A091CBB008C2272 /* QMChatServiceTests.xctest */,
			);
			name = Products;
			sourceTree = "<group>";
		};
		55C276DC1A091739005A0C38 /* Products */ = {
			isa = PBXGroup;
			children = (
				55B2F0FD1A091CBB008C2272 /* libQMContactListService.a */,
				55B2F0FF1A091CBB008C2272 /* QMContactListServiceTests.xctest */,
			);
			name = Products;
			sourceTree = "<group>";
		};
		55C276E61A0917AF005A0C38 /* Products */ = {
			isa = PBXGroup;
			children = (
				55B2F0F11A091CBB008C2272 /* libQMAuthService.a */,
				55B2F0F31A091CBB008C2272 /* QMAuthServiceTests.xctest */,
			);
			name = Products;
			sourceTree = "<group>";
		};
/* End PBXGroup section */

/* Begin PBXProject section */
		55C276A91A09162F005A0C38 /* Project object */ = {
			isa = PBXProject;
			attributes = {
				LastUpgradeCheck = 0610;
				TargetAttributes = {
					554A28001A0CDF2500C4E03C = {
						CreatedOnToolsVersion = 6.1;
					};
					5590F2551A0B87DC00C5044F = {
						CreatedOnToolsVersion = 6.1;
					};
					5590F2921A0B8CB300C5044F = {
						CreatedOnToolsVersion = 6.1;
					};
					55B2F0551A091A85008C2272 = {
						CreatedOnToolsVersion = 6.1;
					};
					55F41E7D1A0A6CD9008D1C68 = {
						CreatedOnToolsVersion = 6.1;
					};
					55F41E8D1A0A6E0C008D1C68 = {
						CreatedOnToolsVersion = 6.1;
					};
					55F41E9F1A0A7045008D1C68 = {
						CreatedOnToolsVersion = 6.1;
					};
					55F41EB01A0A7124008D1C68 = {
						CreatedOnToolsVersion = 6.1;
					};
				};
			};
			buildConfigurationList = 55C276AC1A09162F005A0C38 /* Build configuration list for PBXProject "QMServices" */;
			compatibilityVersion = "Xcode 3.2";
			developmentRegion = English;
			hasScannedForEncodings = 0;
			knownRegions = (
				en,
			);
			mainGroup = 55C276A81A09162F005A0C38;
			productRefGroup = 55C276A81A09162F005A0C38;
			projectDirPath = "";
			projectReferences = (
				{
					ProductGroup = 55C276E61A0917AF005A0C38 /* Products */;
					ProjectRef = 55C276E51A0917AF005A0C38 /* QMAuthService.xcodeproj */;
				},
				{
					ProductGroup = 5590F2E11A0BA11900C5044F /* Products */;
					ProjectRef = 5590F2E01A0BA11900C5044F /* QMBaseService.xcodeproj */;
				},
				{
					ProductGroup = 5590F26C1A0B8C0500C5044F /* Products */;
					ProjectRef = 5590F26B1A0B8C0500C5044F /* QMChatCache.xcodeproj */;
				},
				{
					ProductGroup = 55C276C81A0916BF005A0C38 /* Products */;
					ProjectRef = 55C276C71A0916BF005A0C38 /* QMChatService.xcodeproj */;
				},
				{
					ProductGroup = 5590F2A41A0B8D2900C5044F /* Products */;
					ProjectRef = 5590F2A31A0B8D2900C5044F /* QMContactListCache.xcodeproj */;
				},
				{
					ProductGroup = 55C276DC1A091739005A0C38 /* Products */;
					ProjectRef = 55C276DB1A091739005A0C38 /* QMContactListService.xcodeproj */;
				},
				{
					ProductGroup = 5590F22D1A0B876F00C5044F /* Products */;
					ProjectRef = 5590F22C1A0B876F00C5044F /* QMDBStorage.xcodeproj */;
				},
			);
			projectRoot = "";
			targets = (
				55B2F0551A091A85008C2272 /* AllServices */,
				55F41E8D1A0A6E0C008D1C68 /* BaseService */,
				55F41E7D1A0A6CD9008D1C68 /* AuthService */,
				55F41E9F1A0A7045008D1C68 /* ChatService */,
				55F41EB01A0A7124008D1C68 /* ContactListService */,
				5590F2551A0B87DC00C5044F /* DBStorage */,
				5590F2921A0B8CB300C5044F /* ChatCache */,
				554A28001A0CDF2500C4E03C /* ContactListCache */,
			);
		};
/* End PBXProject section */

/* Begin PBXReferenceProxy section */
		554A28731A0CEC4A00C4E03C /* QMCotactListCacheModel.bundle */ = {
			isa = PBXReferenceProxy;
			fileType = wrapper.cfbundle;
			path = QMCotactListCacheModel.bundle;
			remoteRef = 554A28721A0CEC4A00C4E03C /* PBXContainerItemProxy */;
			sourceTree = BUILT_PRODUCTS_DIR;
		};
		554A288A1A0CF04200C4E03C /* QMChatCacheModel.bundle */ = {
			isa = PBXReferenceProxy;
			fileType = wrapper.cfbundle;
			path = QMChatCacheModel.bundle;
			remoteRef = 554A28891A0CF04200C4E03C /* PBXContainerItemProxy */;
			sourceTree = BUILT_PRODUCTS_DIR;
		};
		5590F2521A0B87B900C5044F /* libQMDBStorage.a */ = {
			isa = PBXReferenceProxy;
			fileType = archive.ar;
			path = libQMDBStorage.a;
			remoteRef = 5590F2511A0B87B900C5044F /* PBXContainerItemProxy */;
			sourceTree = BUILT_PRODUCTS_DIR;
		};
		5590F2541A0B87B900C5044F /* QMDBStorageTests.xctest */ = {
			isa = PBXReferenceProxy;
			fileType = wrapper.cfbundle;
			path = QMDBStorageTests.xctest;
			remoteRef = 5590F2531A0B87B900C5044F /* PBXContainerItemProxy */;
			sourceTree = BUILT_PRODUCTS_DIR;
		};
		5590F28E1A0B8C5200C5044F /* libQMChatCache.a */ = {
			isa = PBXReferenceProxy;
			fileType = archive.ar;
			path = libQMChatCache.a;
			remoteRef = 5590F28D1A0B8C5200C5044F /* PBXContainerItemProxy */;
			sourceTree = BUILT_PRODUCTS_DIR;
		};
		5590F2901A0B8C5200C5044F /* QMChatCacheTests.xctest */ = {
			isa = PBXReferenceProxy;
			fileType = wrapper.cfbundle;
			path = QMChatCacheTests.xctest;
			remoteRef = 5590F28F1A0B8C5200C5044F /* PBXContainerItemProxy */;
			sourceTree = BUILT_PRODUCTS_DIR;
		};
		5590F2C51A0B8D4600C5044F /* libQMContactListCache.a */ = {
			isa = PBXReferenceProxy;
			fileType = archive.ar;
			path = libQMContactListCache.a;
			remoteRef = 5590F2C41A0B8D4600C5044F /* PBXContainerItemProxy */;
			sourceTree = BUILT_PRODUCTS_DIR;
		};
		5590F2C71A0B8D4600C5044F /* QMContactListCacheTests.xctest */ = {
			isa = PBXReferenceProxy;
			fileType = wrapper.cfbundle;
			path = QMContactListCacheTests.xctest;
			remoteRef = 5590F2C61A0B8D4600C5044F /* PBXContainerItemProxy */;
			sourceTree = BUILT_PRODUCTS_DIR;
		};
		5590F2E61A0BA11900C5044F /* libQMBaseService.a */ = {
			isa = PBXReferenceProxy;
			fileType = archive.ar;
			path = libQMBaseService.a;
			remoteRef = 5590F2E51A0BA11900C5044F /* PBXContainerItemProxy */;
			sourceTree = BUILT_PRODUCTS_DIR;
		};
		5590F2E81A0BA11900C5044F /* QMBaseServiceTests.xctest */ = {
			isa = PBXReferenceProxy;
			fileType = wrapper.cfbundle;
			path = QMBaseServiceTests.xctest;
			remoteRef = 5590F2E71A0BA11900C5044F /* PBXContainerItemProxy */;
			sourceTree = BUILT_PRODUCTS_DIR;
		};
		55B2F0F11A091CBB008C2272 /* libQMAuthService.a */ = {
			isa = PBXReferenceProxy;
			fileType = archive.ar;
			path = libQMAuthService.a;
			remoteRef = 55B2F0F01A091CBB008C2272 /* PBXContainerItemProxy */;
			sourceTree = BUILT_PRODUCTS_DIR;
		};
		55B2F0F31A091CBB008C2272 /* QMAuthServiceTests.xctest */ = {
			isa = PBXReferenceProxy;
			fileType = wrapper.cfbundle;
			path = QMAuthServiceTests.xctest;
			remoteRef = 55B2F0F21A091CBB008C2272 /* PBXContainerItemProxy */;
			sourceTree = BUILT_PRODUCTS_DIR;
		};
		55B2F0F71A091CBB008C2272 /* libQMChatService.a */ = {
			isa = PBXReferenceProxy;
			fileType = archive.ar;
			path = libQMChatService.a;
			remoteRef = 55B2F0F61A091CBB008C2272 /* PBXContainerItemProxy */;
			sourceTree = BUILT_PRODUCTS_DIR;
		};
		55B2F0F91A091CBB008C2272 /* QMChatServiceTests.xctest */ = {
			isa = PBXReferenceProxy;
			fileType = wrapper.cfbundle;
			path = QMChatServiceTests.xctest;
			remoteRef = 55B2F0F81A091CBB008C2272 /* PBXContainerItemProxy */;
			sourceTree = BUILT_PRODUCTS_DIR;
		};
		55B2F0FD1A091CBB008C2272 /* libQMContactListService.a */ = {
			isa = PBXReferenceProxy;
			fileType = archive.ar;
			path = libQMContactListService.a;
			remoteRef = 55B2F0FC1A091CBB008C2272 /* PBXContainerItemProxy */;
			sourceTree = BUILT_PRODUCTS_DIR;
		};
		55B2F0FF1A091CBB008C2272 /* QMContactListServiceTests.xctest */ = {
			isa = PBXReferenceProxy;
			fileType = wrapper.cfbundle;
			path = QMContactListServiceTests.xctest;
			remoteRef = 55B2F0FE1A091CBB008C2272 /* PBXContainerItemProxy */;
			sourceTree = BUILT_PRODUCTS_DIR;
		};
/* End PBXReferenceProxy section */

/* Begin PBXTargetDependency section */
		554A28051A0CDF3900C4E03C /* PBXTargetDependency */ = {
			isa = PBXTargetDependency;
			target = 5590F2551A0B87DC00C5044F /* DBStorage */;
			targetProxy = 554A28041A0CDF3900C4E03C /* PBXContainerItemProxy */;
		};
		554A28071A0CDF4800C4E03C /* PBXTargetDependency */ = {
			isa = PBXTargetDependency;
			name = QMContactListCache;
			targetProxy = 554A28061A0CDF4800C4E03C /* PBXContainerItemProxy */;
		};
		554A28091A0CDF5000C4E03C /* PBXTargetDependency */ = {
			isa = PBXTargetDependency;
			target = 554A28001A0CDF2500C4E03C /* ContactListCache */;
			targetProxy = 554A28081A0CDF5000C4E03C /* PBXContainerItemProxy */;
		};
		5590F2971A0B8CC100C5044F /* PBXTargetDependency */ = {
			isa = PBXTargetDependency;
			target = 5590F2551A0B87DC00C5044F /* DBStorage */;
			targetProxy = 5590F2961A0B8CC100C5044F /* PBXContainerItemProxy */;
		};
		5590F2991A0B8CD400C5044F /* PBXTargetDependency */ = {
			isa = PBXTargetDependency;
			name = QMChatCache;
			targetProxy = 5590F2981A0B8CD400C5044F /* PBXContainerItemProxy */;
		};
		5590F29B1A0B8CE900C5044F /* PBXTargetDependency */ = {
			isa = PBXTargetDependency;
			name = QMDBStorage;
			targetProxy = 5590F29A1A0B8CE900C5044F /* PBXContainerItemProxy */;
		};
		5590F2EA1A0BA12700C5044F /* PBXTargetDependency */ = {
			isa = PBXTargetDependency;
			name = QMBaseService;
			targetProxy = 5590F2E91A0BA12700C5044F /* PBXContainerItemProxy */;
		};
		5590F2EC1A0BA13B00C5044F /* PBXTargetDependency */ = {
			isa = PBXTargetDependency;
			target = 55F41E7D1A0A6CD9008D1C68 /* AuthService */;
			targetProxy = 5590F2EB1A0BA13B00C5044F /* PBXContainerItemProxy */;
		};
		5590F2EE1A0BA13F00C5044F /* PBXTargetDependency */ = {
			isa = PBXTargetDependency;
			target = 5590F2551A0B87DC00C5044F /* DBStorage */;
			targetProxy = 5590F2ED1A0BA13F00C5044F /* PBXContainerItemProxy */;
		};
		55A620C81A0BB288001BA470 /* PBXTargetDependency */ = {
			isa = PBXTargetDependency;
			target = 5590F2921A0B8CB300C5044F /* ChatCache */;
			targetProxy = 55A620C71A0BB288001BA470 /* PBXContainerItemProxy */;
		};
		55A621241A0BE5E4001BA470 /* PBXTargetDependency */ = {
			isa = PBXTargetDependency;
			target = 55F41E8D1A0A6E0C008D1C68 /* BaseService */;
			targetProxy = 55A621231A0BE5E4001BA470 /* PBXContainerItemProxy */;
		};
		55F41E861A0A6CFB008D1C68 /* PBXTargetDependency */ = {
			isa = PBXTargetDependency;
			name = QMAuthService;
			targetProxy = 55F41E851A0A6CFB008D1C68 /* PBXContainerItemProxy */;
		};
		55F41E941A0A6E1E008D1C68 /* PBXTargetDependency */ = {
			isa = PBXTargetDependency;
			target = 55F41E8D1A0A6E0C008D1C68 /* BaseService */;
			targetProxy = 55F41E931A0A6E1E008D1C68 /* PBXContainerItemProxy */;
		};
		55F41EA61A0A7072008D1C68 /* PBXTargetDependency */ = {
			isa = PBXTargetDependency;
			target = 55F41E8D1A0A6E0C008D1C68 /* BaseService */;
			targetProxy = 55F41EA51A0A7072008D1C68 /* PBXContainerItemProxy */;
		};
		55F41EA81A0A7078008D1C68 /* PBXTargetDependency */ = {
			isa = PBXTargetDependency;
			name = QMChatService;
			targetProxy = 55F41EA71A0A7078008D1C68 /* PBXContainerItemProxy */;
		};
		55F41EAA1A0A7094008D1C68 /* PBXTargetDependency */ = {
			isa = PBXTargetDependency;
			target = 55F41E9F1A0A7045008D1C68 /* ChatService */;
			targetProxy = 55F41EA91A0A7094008D1C68 /* PBXContainerItemProxy */;
		};
		55F41EB51A0A7132008D1C68 /* PBXTargetDependency */ = {
			isa = PBXTargetDependency;
			target = 55F41E8D1A0A6E0C008D1C68 /* BaseService */;
			targetProxy = 55F41EB41A0A7132008D1C68 /* PBXContainerItemProxy */;
		};
		55F41EB71A0A7132008D1C68 /* PBXTargetDependency */ = {
			isa = PBXTargetDependency;
			name = QMContactListService;
			targetProxy = 55F41EB61A0A7132008D1C68 /* PBXContainerItemProxy */;
		};
		55F41EB91A0A7140008D1C68 /* PBXTargetDependency */ = {
			isa = PBXTargetDependency;
			target = 55F41EB01A0A7124008D1C68 /* ContactListService */;
			targetProxy = 55F41EB81A0A7140008D1C68 /* PBXContainerItemProxy */;
		};
/* End PBXTargetDependency section */

/* Begin XCBuildConfiguration section */
		554A28021A0CDF2500C4E03C /* Debug */ = {
			isa = XCBuildConfiguration;
			buildSettings = {
				PRODUCT_NAME = "$(TARGET_NAME)";
				SDKROOT = iphoneos;
			};
			name = Debug;
		};
		554A28031A0CDF2500C4E03C /* Release */ = {
			isa = XCBuildConfiguration;
			buildSettings = {
				PRODUCT_NAME = "$(TARGET_NAME)";
				SDKROOT = iphoneos;
			};
			name = Release;
		};
		5590F2571A0B87DC00C5044F /* Debug */ = {
			isa = XCBuildConfiguration;
			buildSettings = {
				PRODUCT_NAME = "$(TARGET_NAME)";
				SDKROOT = iphoneos;
			};
			name = Debug;
		};
		5590F2581A0B87DC00C5044F /* Release */ = {
			isa = XCBuildConfiguration;
			buildSettings = {
				PRODUCT_NAME = "$(TARGET_NAME)";
				SDKROOT = iphoneos;
			};
			name = Release;
		};
		5590F2941A0B8CB300C5044F /* Debug */ = {
			isa = XCBuildConfiguration;
			buildSettings = {
				PRODUCT_NAME = "$(TARGET_NAME)";
				SDKROOT = iphoneos;
			};
			name = Debug;
		};
		5590F2951A0B8CB300C5044F /* Release */ = {
			isa = XCBuildConfiguration;
			buildSettings = {
				PRODUCT_NAME = "$(TARGET_NAME)";
				SDKROOT = iphoneos;
			};
			name = Release;
		};
		55B2F0571A091A85008C2272 /* Debug */ = {
			isa = XCBuildConfiguration;
			buildSettings = {
				GCC_PRECOMPILE_PREFIX_HEADER = NO;
				GCC_PREFIX_HEADER = "";
				HEADER_SEARCH_PATHS = (
					"$(inherited)",
					/usr/include/libxml2,
				);
				PRODUCT_NAME = "$(TARGET_NAME)";
				SDKROOT = iphoneos;
			};
			name = Debug;
		};
		55B2F0581A091A85008C2272 /* Release */ = {
			isa = XCBuildConfiguration;
			buildSettings = {
				GCC_PRECOMPILE_PREFIX_HEADER = NO;
				GCC_PREFIX_HEADER = "";
				HEADER_SEARCH_PATHS = (
					"$(inherited)",
					/usr/include/libxml2,
				);
				PRODUCT_NAME = "$(TARGET_NAME)";
				SDKROOT = iphoneos;
			};
			name = Release;
		};
		55C276AD1A09162F005A0C38 /* Debug */ = {
			isa = XCBuildConfiguration;
			buildSettings = {
				FRAMEWORK_SEARCH_PATHS = "~/Documents/Quickblox";
			};
			name = Debug;
		};
		55C276AE1A09162F005A0C38 /* Release */ = {
			isa = XCBuildConfiguration;
			buildSettings = {
				FRAMEWORK_SEARCH_PATHS = "~/Documents/Quickblox";
			};
			name = Release;
		};
		55F41E7F1A0A6CD9008D1C68 /* Debug */ = {
			isa = XCBuildConfiguration;
			buildSettings = {
				FRAMEWORK_SEARCH_PATHS = "";
				HEADER_SEARCH_PATHS = (
					/Applications/Xcode.app/Contents/Developer/Toolchains/XcodeDefault.xctoolchain/usr/include,
					"$(inherited)",
				);
				PRODUCT_NAME = "$(TARGET_NAME)";
				SDKROOT = iphoneos;
			};
			name = Debug;
		};
		55F41E801A0A6CD9008D1C68 /* Release */ = {
			isa = XCBuildConfiguration;
			buildSettings = {
				FRAMEWORK_SEARCH_PATHS = "";
				HEADER_SEARCH_PATHS = (
					/Applications/Xcode.app/Contents/Developer/Toolchains/XcodeDefault.xctoolchain/usr/include,
					"$(inherited)",
				);
				PRODUCT_NAME = "$(TARGET_NAME)";
				SDKROOT = iphoneos;
			};
			name = Release;
		};
		55F41E8F1A0A6E0C008D1C68 /* Debug */ = {
			isa = XCBuildConfiguration;
			buildSettings = {
				FRAMEWORK_SEARCH_PATHS = "";
				PRODUCT_NAME = "$(TARGET_NAME)";
				SDKROOT = iphoneos;
				SUPPORTED_PLATFORMS = "iphonesimulator iphoneos";
			};
			name = Debug;
		};
		55F41E901A0A6E0C008D1C68 /* Release */ = {
			isa = XCBuildConfiguration;
			buildSettings = {
				FRAMEWORK_SEARCH_PATHS = "";
				PRODUCT_NAME = "$(TARGET_NAME)";
				SDKROOT = iphoneos;
				SUPPORTED_PLATFORMS = "iphonesimulator iphoneos";
			};
			name = Release;
		};
		55F41EA11A0A7045008D1C68 /* Debug */ = {
			isa = XCBuildConfiguration;
			buildSettings = {
				HEADER_SEARCH_PATHS = (
					"$(inherited)",
					/Applications/Xcode.app/Contents/Developer/Toolchains/XcodeDefault.xctoolchain/usr/include,
				);
				PRODUCT_NAME = "$(TARGET_NAME)";
				SDKROOT = iphoneos;
			};
			name = Debug;
		};
		55F41EA21A0A7045008D1C68 /* Release */ = {
			isa = XCBuildConfiguration;
			buildSettings = {
				PRODUCT_NAME = "$(TARGET_NAME)";
				SDKROOT = iphoneos;
			};
			name = Release;
		};
		55F41EB21A0A7124008D1C68 /* Debug */ = {
			isa = XCBuildConfiguration;
			buildSettings = {
				PRODUCT_NAME = "$(TARGET_NAME)";
				SDKROOT = iphoneos;
			};
			name = Debug;
		};
		55F41EB31A0A7124008D1C68 /* Release */ = {
			isa = XCBuildConfiguration;
			buildSettings = {
				PRODUCT_NAME = "$(TARGET_NAME)";
				SDKROOT = iphoneos;
			};
			name = Release;
		};
/* End XCBuildConfiguration section */

/* Begin XCConfigurationList section */
		554A28011A0CDF2500C4E03C /* Build configuration list for PBXAggregateTarget "ContactListCache" */ = {
			isa = XCConfigurationList;
			buildConfigurations = (
				554A28021A0CDF2500C4E03C /* Debug */,
				554A28031A0CDF2500C4E03C /* Release */,
			);
			defaultConfigurationIsVisible = 0;
			defaultConfigurationName = Release;
		};
		5590F2561A0B87DC00C5044F /* Build configuration list for PBXAggregateTarget "DBStorage" */ = {
			isa = XCConfigurationList;
			buildConfigurations = (
				5590F2571A0B87DC00C5044F /* Debug */,
				5590F2581A0B87DC00C5044F /* Release */,
			);
			defaultConfigurationIsVisible = 0;
			defaultConfigurationName = Release;
		};
		5590F2931A0B8CB300C5044F /* Build configuration list for PBXAggregateTarget "ChatCache" */ = {
			isa = XCConfigurationList;
			buildConfigurations = (
				5590F2941A0B8CB300C5044F /* Debug */,
				5590F2951A0B8CB300C5044F /* Release */,
			);
			defaultConfigurationIsVisible = 0;
			defaultConfigurationName = Release;
		};
		55B2F0561A091A85008C2272 /* Build configuration list for PBXAggregateTarget "AllServices" */ = {
			isa = XCConfigurationList;
			buildConfigurations = (
				55B2F0571A091A85008C2272 /* Debug */,
				55B2F0581A091A85008C2272 /* Release */,
			);
			defaultConfigurationIsVisible = 0;
			defaultConfigurationName = Release;
		};
		55C276AC1A09162F005A0C38 /* Build configuration list for PBXProject "QMServices" */ = {
			isa = XCConfigurationList;
			buildConfigurations = (
				55C276AD1A09162F005A0C38 /* Debug */,
				55C276AE1A09162F005A0C38 /* Release */,
			);
			defaultConfigurationIsVisible = 0;
			defaultConfigurationName = Release;
		};
		55F41E7E1A0A6CD9008D1C68 /* Build configuration list for PBXAggregateTarget "AuthService" */ = {
			isa = XCConfigurationList;
			buildConfigurations = (
				55F41E7F1A0A6CD9008D1C68 /* Debug */,
				55F41E801A0A6CD9008D1C68 /* Release */,
			);
			defaultConfigurationIsVisible = 0;
			defaultConfigurationName = Release;
		};
		55F41E8E1A0A6E0C008D1C68 /* Build configuration list for PBXAggregateTarget "BaseService" */ = {
			isa = XCConfigurationList;
			buildConfigurations = (
				55F41E8F1A0A6E0C008D1C68 /* Debug */,
				55F41E901A0A6E0C008D1C68 /* Release */,
			);
			defaultConfigurationIsVisible = 0;
			defaultConfigurationName = Release;
		};
		55F41EA01A0A7045008D1C68 /* Build configuration list for PBXAggregateTarget "ChatService" */ = {
			isa = XCConfigurationList;
			buildConfigurations = (
				55F41EA11A0A7045008D1C68 /* Debug */,
				55F41EA21A0A7045008D1C68 /* Release */,
			);
			defaultConfigurationIsVisible = 0;
			defaultConfigurationName = Release;
		};
		55F41EB11A0A7124008D1C68 /* Build configuration list for PBXAggregateTarget "ContactListService" */ = {
			isa = XCConfigurationList;
			buildConfigurations = (
				55F41EB21A0A7124008D1C68 /* Debug */,
				55F41EB31A0A7124008D1C68 /* Release */,
			);
			defaultConfigurationIsVisible = 0;
			defaultConfigurationName = Release;
		};
/* End XCConfigurationList section */
	};
	rootObject = 55C276A91A09162F005A0C38 /* Project object */;
}
